// !$*UTF8*$!
{
	archiveVersion = 1;
	classes = {
	};
	objectVersion = 56;
	objects = {

/* Begin PBXBuildFile section */
		A81DD96D2C3D737A00848437 /* CoraDesignSystem.framework in Frameworks */ = {isa = PBXBuildFile; fileRef = A88FA1312C3C368900EEE69A /* CoraDesignSystem.framework */; };
		A81DD96E2C3D737A00848437 /* CoraDesignSystem.framework in Embed Frameworks */ = {isa = PBXBuildFile; fileRef = A88FA1312C3C368900EEE69A /* CoraDesignSystem.framework */; settings = {ATTRIBUTES = (CodeSignOnCopy, RemoveHeadersOnCopy, ); }; };
		A81DD9892C3DD06200848437 /* WelcomeView.swift in Sources */ = {isa = PBXBuildFile; fileRef = A81DD9882C3DD06200848437 /* WelcomeView.swift */; };
		A81DD98B2C3DFA0200848437 /* WelcomePresenter.swift in Sources */ = {isa = PBXBuildFile; fileRef = A81DD98A2C3DFA0200848437 /* WelcomePresenter.swift */; };
		A81DD98D2C3DFD3900848437 /* WelcomeFactory.swift in Sources */ = {isa = PBXBuildFile; fileRef = A81DD98C2C3DFD3900848437 /* WelcomeFactory.swift */; };
		A81DD98F2C3DFE8E00848437 /* WelcomeCoordinator.swift in Sources */ = {isa = PBXBuildFile; fileRef = A81DD98E2C3DFE8E00848437 /* WelcomeCoordinator.swift */; };
		A81DD9A52C41AD6500848437 /* LoginView.swift in Sources */ = {isa = PBXBuildFile; fileRef = A81DD9A42C41AD6500848437 /* LoginView.swift */; };
		A8387E672C420EE100663E4B /* LoginCoordinator.swift in Sources */ = {isa = PBXBuildFile; fileRef = A8387E662C420EE100663E4B /* LoginCoordinator.swift */; };
		A8387E6A2C42C76E00663E4B /* CpfValidationViewController.swift in Sources */ = {isa = PBXBuildFile; fileRef = A8387E692C42C76E00663E4B /* CpfValidationViewController.swift */; };
		A8387E6C2C42C7DA00663E4B /* CpfValidationFactory.swift in Sources */ = {isa = PBXBuildFile; fileRef = A8387E6B2C42C7DA00663E4B /* CpfValidationFactory.swift */; };
		A8387E6E2C42C83400663E4B /* CpfValidationPresenter.swift in Sources */ = {isa = PBXBuildFile; fileRef = A8387E6D2C42C83400663E4B /* CpfValidationPresenter.swift */; };
		A8387E702C42C87C00663E4B /* CpfValidationInteractor.swift in Sources */ = {isa = PBXBuildFile; fileRef = A8387E6F2C42C87C00663E4B /* CpfValidationInteractor.swift */; };
		A8387E732C42D37E00663E4B /* PasswordValidationViewController.swift in Sources */ = {isa = PBXBuildFile; fileRef = A8387E722C42D37E00663E4B /* PasswordValidationViewController.swift */; };
		A8387E752C42D46A00663E4B /* PasswordValidationPresenter.swift in Sources */ = {isa = PBXBuildFile; fileRef = A8387E742C42D46A00663E4B /* PasswordValidationPresenter.swift */; };
		A8387E772C42D67500663E4B /* PasswordValidationInteractor.swift in Sources */ = {isa = PBXBuildFile; fileRef = A8387E762C42D67500663E4B /* PasswordValidationInteractor.swift */; };
		A8387E792C42D75D00663E4B /* PasswordValidationFactory.swift in Sources */ = {isa = PBXBuildFile; fileRef = A8387E782C42D75D00663E4B /* PasswordValidationFactory.swift */; };
		A8387E7C2C42D98F00663E4B /* LoginValidations.swift in Sources */ = {isa = PBXBuildFile; fileRef = A8387E7B2C42D98F00663E4B /* LoginValidations.swift */; };
		A8387E862C42F97200663E4B /* PasswordValidationService.swift in Sources */ = {isa = PBXBuildFile; fileRef = A8387E852C42F97200663E4B /* PasswordValidationService.swift */; };
		A8387E882C42F9E100663E4B /* CoraEndpoint.swift in Sources */ = {isa = PBXBuildFile; fileRef = A8387E872C42F9E100663E4B /* CoraEndpoint.swift */; };
		A8387E982C43004900663E4B /* ExtractCell.swift in Sources */ = {isa = PBXBuildFile; fileRef = A8387E972C43004900663E4B /* ExtractCell.swift */; };
		A8387E9B2C43089F00663E4B /* ExtractView.swift in Sources */ = {isa = PBXBuildFile; fileRef = A8387E9A2C43089F00663E4B /* ExtractView.swift */; };
		A8387E9D2C430A4200663E4B /* ExtractViewController.swift in Sources */ = {isa = PBXBuildFile; fileRef = A8387E9C2C430A4200663E4B /* ExtractViewController.swift */; };
		A8387EA32C4312C700663E4B /* ExtractInteractor.swift in Sources */ = {isa = PBXBuildFile; fileRef = A8387EA22C4312C700663E4B /* ExtractInteractor.swift */; };
		A8387EA52C4312F000663E4B /* ExtractService.swift in Sources */ = {isa = PBXBuildFile; fileRef = A8387EA42C4312F000663E4B /* ExtractService.swift */; };
		A8387EA72C43197D00663E4B /* ExtractFactory.swift in Sources */ = {isa = PBXBuildFile; fileRef = A8387EA62C43197D00663E4B /* ExtractFactory.swift */; };
		A8387EAA2C431ABA00663E4B /* GenericTableViewDataSource.swift in Sources */ = {isa = PBXBuildFile; fileRef = A8387EA92C431ABA00663E4B /* GenericTableViewDataSource.swift */; };
		A8387EAC2C4320BA00663E4B /* ExtractPresenter.swift in Sources */ = {isa = PBXBuildFile; fileRef = A8387EAB2C4320BA00663E4B /* ExtractPresenter.swift */; };
		A873AA552C4460B4005B1449 /* ExtractDetailView.swift in Sources */ = {isa = PBXBuildFile; fileRef = A873AA542C4460B4005B1449 /* ExtractDetailView.swift */; };
		A873AA572C44622C005B1449 /* ExtractDetailViewController.swift in Sources */ = {isa = PBXBuildFile; fileRef = A873AA562C44622C005B1449 /* ExtractDetailViewController.swift */; };
		A873AA592C4477A6005B1449 /* DetailedTextView.swift in Sources */ = {isa = PBXBuildFile; fileRef = A873AA582C4477A6005B1449 /* DetailedTextView.swift */; };
		A873AA5C2C449F15005B1449 /* ExtractDetailInteractor.swift in Sources */ = {isa = PBXBuildFile; fileRef = A873AA5B2C449F15005B1449 /* ExtractDetailInteractor.swift */; };
		A873AA5E2C449F9B005B1449 /* ExtractDetailService.swift in Sources */ = {isa = PBXBuildFile; fileRef = A873AA5D2C449F9B005B1449 /* ExtractDetailService.swift */; };
		A873AA602C44B1B7005B1449 /* ExtractCoordinator.swift in Sources */ = {isa = PBXBuildFile; fileRef = A873AA5F2C44B1B7005B1449 /* ExtractCoordinator.swift */; };
		A873AA622C44B2BE005B1449 /* ExtractDetailFactory.swift in Sources */ = {isa = PBXBuildFile; fileRef = A873AA612C44B2BE005B1449 /* ExtractDetailFactory.swift */; };
		A873AA652C44B358005B1449 /* ExtractDetailPresenter.swift in Sources */ = {isa = PBXBuildFile; fileRef = A873AA642C44B358005B1449 /* ExtractDetailPresenter.swift */; };
		A873AA672C44C40F005B1449 /* Collection+Extensions.swift in Sources */ = {isa = PBXBuildFile; fileRef = A873AA662C44C40F005B1449 /* Collection+Extensions.swift */; };
		A873AA7A2C4551EE005B1449 /* Localizable.swift in Sources */ = {isa = PBXBuildFile; fileRef = A873AA792C4551EE005B1449 /* Localizable.swift */; };
		A873AA7E2C45534A005B1449 /* WelcomeLocalizedStrings.swift in Sources */ = {isa = PBXBuildFile; fileRef = A873AA7D2C45534A005B1449 /* WelcomeLocalizedStrings.swift */; };
		A873AA812C4554DD005B1449 /* Localizable.strings in Resources */ = {isa = PBXBuildFile; fileRef = A873AA802C4554DD005B1449 /* Localizable.strings */; };
		A873AA832C456CB6005B1449 /* LoginLocalizedStrings.swift in Sources */ = {isa = PBXBuildFile; fileRef = A873AA822C456CB6005B1449 /* LoginLocalizedStrings.swift */; };
		A873AA852C457C80005B1449 /* ExtractDetailLocalizedStrings.swift in Sources */ = {isa = PBXBuildFile; fileRef = A873AA842C457C80005B1449 /* ExtractDetailLocalizedStrings.swift */; };
		A873AA912C45909C005B1449 /* CpfValidationPresenterMock.swift in Sources */ = {isa = PBXBuildFile; fileRef = A873AA902C45909C005B1449 /* CpfValidationPresenterMock.swift */; };
		A873AA932C459252005B1449 /* LoginCoordinatorMock.swift in Sources */ = {isa = PBXBuildFile; fileRef = A873AA922C459252005B1449 /* LoginCoordinatorMock.swift */; };
		A873AA952C459299005B1449 /* PasswordValidationPresenterMock.swift in Sources */ = {isa = PBXBuildFile; fileRef = A873AA942C459299005B1449 /* PasswordValidationPresenterMock.swift */; };
		A873AA972C4592B5005B1449 /* CpfValidationInteractorTests.swift in Sources */ = {isa = PBXBuildFile; fileRef = A873AA962C4592B5005B1449 /* CpfValidationInteractorTests.swift */; };
		A873AA992C45A4A6005B1449 /* PasswordValidationServiceMock.swift in Sources */ = {isa = PBXBuildFile; fileRef = A873AA982C45A4A6005B1449 /* PasswordValidationServiceMock.swift */; };
		A873AA9C2C45A572005B1449 /* PasswordValidationInteractorTests.swift in Sources */ = {isa = PBXBuildFile; fileRef = A873AA9B2C45A572005B1449 /* PasswordValidationInteractorTests.swift */; };
		A873AAB72C45B685005B1449 /* RepositoryMock.swift in Sources */ = {isa = PBXBuildFile; fileRef = A873AAB62C45B685005B1449 /* RepositoryMock.swift */; };
		A88FA0A02C39816B00EEE69A /* AppDelegate.swift in Sources */ = {isa = PBXBuildFile; fileRef = A88FA09F2C39816B00EEE69A /* AppDelegate.swift */; };
		A88FA0A22C39816B00EEE69A /* SceneDelegate.swift in Sources */ = {isa = PBXBuildFile; fileRef = A88FA0A12C39816B00EEE69A /* SceneDelegate.swift */; };
		A88FA0A42C39816B00EEE69A /* WelcomeViewController.swift in Sources */ = {isa = PBXBuildFile; fileRef = A88FA0A32C39816B00EEE69A /* WelcomeViewController.swift */; };
		A88FA0A92C39816C00EEE69A /* Assets.xcassets in Resources */ = {isa = PBXBuildFile; fileRef = A88FA0A82C39816C00EEE69A /* Assets.xcassets */; };
		A88FA0AC2C39816C00EEE69A /* LaunchScreen.storyboard in Resources */ = {isa = PBXBuildFile; fileRef = A88FA0AA2C39816C00EEE69A /* LaunchScreen.storyboard */; };
		A88FA0C12C39816C00EEE69A /* desafio_coraUITests.swift in Sources */ = {isa = PBXBuildFile; fileRef = A88FA0C02C39816C00EEE69A /* desafio_coraUITests.swift */; };
		A88FA0C32C39816C00EEE69A /* desafio_coraUITestsLaunchTests.swift in Sources */ = {isa = PBXBuildFile; fileRef = A88FA0C22C39816C00EEE69A /* desafio_coraUITestsLaunchTests.swift */; };
		A88FA1062C39CCAF00EEE69A /* CoraNetwork.framework in Frameworks */ = {isa = PBXBuildFile; fileRef = A88FA1042C39CC6B00EEE69A /* CoraNetwork.framework */; };
		A88FA1072C39CCAF00EEE69A /* CoraNetwork.framework in Embed Frameworks */ = {isa = PBXBuildFile; fileRef = A88FA1042C39CC6B00EEE69A /* CoraNetwork.framework */; settings = {ATTRIBUTES = (CodeSignOnCopy, RemoveHeadersOnCopy, ); }; };
/* End PBXBuildFile section */

/* Begin PBXContainerItemProxy section */
		A873AAB42C45B622005B1449 /* PBXContainerItemProxy */ = {
			isa = PBXContainerItemProxy;
			containerPortal = A88FA0FF2C39CC6B00EEE69A /* CoraNetwork.xcodeproj */;
			proxyType = 2;
			remoteGlobalIDString = A873AAA32C45B549005B1449;
			remoteInfo = CoraNetworkTests;
		};
		A88FA0B32C39816C00EEE69A /* PBXContainerItemProxy */ = {
			isa = PBXContainerItemProxy;
			containerPortal = A88FA0942C39816B00EEE69A /* Project object */;
			proxyType = 1;
			remoteGlobalIDString = A88FA09B2C39816B00EEE69A;
			remoteInfo = "desafio-cora";
		};
		A88FA0BD2C39816C00EEE69A /* PBXContainerItemProxy */ = {
			isa = PBXContainerItemProxy;
			containerPortal = A88FA0942C39816B00EEE69A /* Project object */;
			proxyType = 1;
			remoteGlobalIDString = A88FA09B2C39816B00EEE69A;
			remoteInfo = "desafio-cora";
		};
		A88FA1032C39CC6B00EEE69A /* PBXContainerItemProxy */ = {
			isa = PBXContainerItemProxy;
			containerPortal = A88FA0FF2C39CC6B00EEE69A /* CoraNetwork.xcodeproj */;
			proxyType = 2;
			remoteGlobalIDString = A88FA0DD2C3992CF00EEE69A;
			remoteInfo = CoraNetwork;
		};
		A88FA1302C3C368900EEE69A /* PBXContainerItemProxy */ = {
			isa = PBXContainerItemProxy;
			containerPortal = A88FA12C2C3C368900EEE69A /* CoraDesignSystem.xcodeproj */;
			proxyType = 2;
			remoteGlobalIDString = A88FA11E2C3C351700EEE69A;
			remoteInfo = CoraDesignSystem;
		};
/* End PBXContainerItemProxy section */

/* Begin PBXCopyFilesBuildPhase section */
		A88FA1082C39CCAF00EEE69A /* Embed Frameworks */ = {
			isa = PBXCopyFilesBuildPhase;
			buildActionMask = 2147483647;
			dstPath = "";
			dstSubfolderSpec = 10;
			files = (
				A81DD96E2C3D737A00848437 /* CoraDesignSystem.framework in Embed Frameworks */,
				A88FA1072C39CCAF00EEE69A /* CoraNetwork.framework in Embed Frameworks */,
			);
			name = "Embed Frameworks";
			runOnlyForDeploymentPostprocessing = 0;
		};
/* End PBXCopyFilesBuildPhase section */

/* Begin PBXFileReference section */
		A81DD9882C3DD06200848437 /* WelcomeView.swift */ = {isa = PBXFileReference; lastKnownFileType = sourcecode.swift; path = WelcomeView.swift; sourceTree = "<group>"; };
		A81DD98A2C3DFA0200848437 /* WelcomePresenter.swift */ = {isa = PBXFileReference; lastKnownFileType = sourcecode.swift; path = WelcomePresenter.swift; sourceTree = "<group>"; };
		A81DD98C2C3DFD3900848437 /* WelcomeFactory.swift */ = {isa = PBXFileReference; lastKnownFileType = sourcecode.swift; path = WelcomeFactory.swift; sourceTree = "<group>"; };
		A81DD98E2C3DFE8E00848437 /* WelcomeCoordinator.swift */ = {isa = PBXFileReference; lastKnownFileType = sourcecode.swift; path = WelcomeCoordinator.swift; sourceTree = "<group>"; };
		A81DD9A42C41AD6500848437 /* LoginView.swift */ = {isa = PBXFileReference; lastKnownFileType = sourcecode.swift; path = LoginView.swift; sourceTree = "<group>"; };
		A8387E662C420EE100663E4B /* LoginCoordinator.swift */ = {isa = PBXFileReference; lastKnownFileType = sourcecode.swift; path = LoginCoordinator.swift; sourceTree = "<group>"; };
		A8387E692C42C76E00663E4B /* CpfValidationViewController.swift */ = {isa = PBXFileReference; lastKnownFileType = sourcecode.swift; path = CpfValidationViewController.swift; sourceTree = "<group>"; };
		A8387E6B2C42C7DA00663E4B /* CpfValidationFactory.swift */ = {isa = PBXFileReference; lastKnownFileType = sourcecode.swift; path = CpfValidationFactory.swift; sourceTree = "<group>"; };
		A8387E6D2C42C83400663E4B /* CpfValidationPresenter.swift */ = {isa = PBXFileReference; lastKnownFileType = sourcecode.swift; path = CpfValidationPresenter.swift; sourceTree = "<group>"; };
		A8387E6F2C42C87C00663E4B /* CpfValidationInteractor.swift */ = {isa = PBXFileReference; lastKnownFileType = sourcecode.swift; path = CpfValidationInteractor.swift; sourceTree = "<group>"; };
		A8387E722C42D37E00663E4B /* PasswordValidationViewController.swift */ = {isa = PBXFileReference; lastKnownFileType = sourcecode.swift; path = PasswordValidationViewController.swift; sourceTree = "<group>"; };
		A8387E742C42D46A00663E4B /* PasswordValidationPresenter.swift */ = {isa = PBXFileReference; lastKnownFileType = sourcecode.swift; path = PasswordValidationPresenter.swift; sourceTree = "<group>"; };
		A8387E762C42D67500663E4B /* PasswordValidationInteractor.swift */ = {isa = PBXFileReference; lastKnownFileType = sourcecode.swift; path = PasswordValidationInteractor.swift; sourceTree = "<group>"; };
		A8387E782C42D75D00663E4B /* PasswordValidationFactory.swift */ = {isa = PBXFileReference; lastKnownFileType = sourcecode.swift; path = PasswordValidationFactory.swift; sourceTree = "<group>"; };
		A8387E7B2C42D98F00663E4B /* LoginValidations.swift */ = {isa = PBXFileReference; lastKnownFileType = sourcecode.swift; path = LoginValidations.swift; sourceTree = "<group>"; };
		A8387E852C42F97200663E4B /* PasswordValidationService.swift */ = {isa = PBXFileReference; lastKnownFileType = sourcecode.swift; path = PasswordValidationService.swift; sourceTree = "<group>"; };
		A8387E872C42F9E100663E4B /* CoraEndpoint.swift */ = {isa = PBXFileReference; lastKnownFileType = sourcecode.swift; path = CoraEndpoint.swift; sourceTree = "<group>"; };
		A8387E972C43004900663E4B /* ExtractCell.swift */ = {isa = PBXFileReference; lastKnownFileType = sourcecode.swift; path = ExtractCell.swift; sourceTree = "<group>"; };
		A8387E9A2C43089F00663E4B /* ExtractView.swift */ = {isa = PBXFileReference; lastKnownFileType = sourcecode.swift; path = ExtractView.swift; sourceTree = "<group>"; };
		A8387E9C2C430A4200663E4B /* ExtractViewController.swift */ = {isa = PBXFileReference; lastKnownFileType = sourcecode.swift; path = ExtractViewController.swift; sourceTree = "<group>"; };
		A8387EA22C4312C700663E4B /* ExtractInteractor.swift */ = {isa = PBXFileReference; lastKnownFileType = sourcecode.swift; path = ExtractInteractor.swift; sourceTree = "<group>"; };
		A8387EA42C4312F000663E4B /* ExtractService.swift */ = {isa = PBXFileReference; lastKnownFileType = sourcecode.swift; path = ExtractService.swift; sourceTree = "<group>"; };
		A8387EA62C43197D00663E4B /* ExtractFactory.swift */ = {isa = PBXFileReference; lastKnownFileType = sourcecode.swift; path = ExtractFactory.swift; sourceTree = "<group>"; };
		A8387EA92C431ABA00663E4B /* GenericTableViewDataSource.swift */ = {isa = PBXFileReference; lastKnownFileType = sourcecode.swift; path = GenericTableViewDataSource.swift; sourceTree = "<group>"; };
		A8387EAB2C4320BA00663E4B /* ExtractPresenter.swift */ = {isa = PBXFileReference; lastKnownFileType = sourcecode.swift; path = ExtractPresenter.swift; sourceTree = "<group>"; };
		A873AA542C4460B4005B1449 /* ExtractDetailView.swift */ = {isa = PBXFileReference; lastKnownFileType = sourcecode.swift; path = ExtractDetailView.swift; sourceTree = "<group>"; };
		A873AA562C44622C005B1449 /* ExtractDetailViewController.swift */ = {isa = PBXFileReference; lastKnownFileType = sourcecode.swift; path = ExtractDetailViewController.swift; sourceTree = "<group>"; };
		A873AA582C4477A6005B1449 /* DetailedTextView.swift */ = {isa = PBXFileReference; lastKnownFileType = sourcecode.swift; path = DetailedTextView.swift; sourceTree = "<group>"; };
		A873AA5A2C449C64005B1449 /* desafio-cora.entitlements */ = {isa = PBXFileReference; lastKnownFileType = text.plist.entitlements; path = "desafio-cora.entitlements"; sourceTree = "<group>"; };
		A873AA5B2C449F15005B1449 /* ExtractDetailInteractor.swift */ = {isa = PBXFileReference; lastKnownFileType = sourcecode.swift; path = ExtractDetailInteractor.swift; sourceTree = "<group>"; };
		A873AA5D2C449F9B005B1449 /* ExtractDetailService.swift */ = {isa = PBXFileReference; lastKnownFileType = sourcecode.swift; path = ExtractDetailService.swift; sourceTree = "<group>"; };
		A873AA5F2C44B1B7005B1449 /* ExtractCoordinator.swift */ = {isa = PBXFileReference; lastKnownFileType = sourcecode.swift; path = ExtractCoordinator.swift; sourceTree = "<group>"; };
		A873AA612C44B2BE005B1449 /* ExtractDetailFactory.swift */ = {isa = PBXFileReference; lastKnownFileType = sourcecode.swift; path = ExtractDetailFactory.swift; sourceTree = "<group>"; };
		A873AA642C44B358005B1449 /* ExtractDetailPresenter.swift */ = {isa = PBXFileReference; lastKnownFileType = sourcecode.swift; path = ExtractDetailPresenter.swift; sourceTree = "<group>"; };
		A873AA662C44C40F005B1449 /* Collection+Extensions.swift */ = {isa = PBXFileReference; lastKnownFileType = sourcecode.swift; path = "Collection+Extensions.swift"; sourceTree = "<group>"; };
		A873AA792C4551EE005B1449 /* Localizable.swift */ = {isa = PBXFileReference; lastKnownFileType = sourcecode.swift; path = Localizable.swift; sourceTree = "<group>"; };
		A873AA7D2C45534A005B1449 /* WelcomeLocalizedStrings.swift */ = {isa = PBXFileReference; lastKnownFileType = sourcecode.swift; path = WelcomeLocalizedStrings.swift; sourceTree = "<group>"; };
		A873AA802C4554DD005B1449 /* Localizable.strings */ = {isa = PBXFileReference; lastKnownFileType = text.plist.strings; path = Localizable.strings; sourceTree = "<group>"; };
		A873AA822C456CB6005B1449 /* LoginLocalizedStrings.swift */ = {isa = PBXFileReference; lastKnownFileType = sourcecode.swift; path = LoginLocalizedStrings.swift; sourceTree = "<group>"; };
		A873AA842C457C80005B1449 /* ExtractDetailLocalizedStrings.swift */ = {isa = PBXFileReference; lastKnownFileType = sourcecode.swift; path = ExtractDetailLocalizedStrings.swift; sourceTree = "<group>"; };
		A873AA902C45909C005B1449 /* CpfValidationPresenterMock.swift */ = {isa = PBXFileReference; lastKnownFileType = sourcecode.swift; path = CpfValidationPresenterMock.swift; sourceTree = "<group>"; };
		A873AA922C459252005B1449 /* LoginCoordinatorMock.swift */ = {isa = PBXFileReference; lastKnownFileType = sourcecode.swift; path = LoginCoordinatorMock.swift; sourceTree = "<group>"; };
		A873AA942C459299005B1449 /* PasswordValidationPresenterMock.swift */ = {isa = PBXFileReference; lastKnownFileType = sourcecode.swift; path = PasswordValidationPresenterMock.swift; sourceTree = "<group>"; };
		A873AA962C4592B5005B1449 /* CpfValidationInteractorTests.swift */ = {isa = PBXFileReference; lastKnownFileType = sourcecode.swift; path = CpfValidationInteractorTests.swift; sourceTree = "<group>"; };
		A873AA982C45A4A6005B1449 /* PasswordValidationServiceMock.swift */ = {isa = PBXFileReference; lastKnownFileType = sourcecode.swift; path = PasswordValidationServiceMock.swift; sourceTree = "<group>"; };
		A873AA9B2C45A572005B1449 /* PasswordValidationInteractorTests.swift */ = {isa = PBXFileReference; lastKnownFileType = sourcecode.swift; path = PasswordValidationInteractorTests.swift; sourceTree = "<group>"; };
		A873AAB62C45B685005B1449 /* RepositoryMock.swift */ = {isa = PBXFileReference; fileEncoding = 4; lastKnownFileType = sourcecode.swift; path = RepositoryMock.swift; sourceTree = "<group>"; };
		A88FA09C2C39816B00EEE69A /* desafio-cora.app */ = {isa = PBXFileReference; explicitFileType = wrapper.application; includeInIndex = 0; path = "desafio-cora.app"; sourceTree = BUILT_PRODUCTS_DIR; };
		A88FA09F2C39816B00EEE69A /* AppDelegate.swift */ = {isa = PBXFileReference; lastKnownFileType = sourcecode.swift; path = AppDelegate.swift; sourceTree = "<group>"; };
		A88FA0A12C39816B00EEE69A /* SceneDelegate.swift */ = {isa = PBXFileReference; lastKnownFileType = sourcecode.swift; path = SceneDelegate.swift; sourceTree = "<group>"; };
		A88FA0A32C39816B00EEE69A /* WelcomeViewController.swift */ = {isa = PBXFileReference; lastKnownFileType = sourcecode.swift; path = WelcomeViewController.swift; sourceTree = "<group>"; };
		A88FA0A82C39816C00EEE69A /* Assets.xcassets */ = {isa = PBXFileReference; lastKnownFileType = folder.assetcatalog; path = Assets.xcassets; sourceTree = "<group>"; };
		A88FA0AB2C39816C00EEE69A /* Base */ = {isa = PBXFileReference; lastKnownFileType = file.storyboard; name = Base; path = Base.lproj/LaunchScreen.storyboard; sourceTree = "<group>"; };
		A88FA0AD2C39816C00EEE69A /* Info.plist */ = {isa = PBXFileReference; lastKnownFileType = text.plist.xml; name = Info.plist; path = "desafio-cora/AppConfiguration/Info.plist"; sourceTree = SOURCE_ROOT; };
		A88FA0B22C39816C00EEE69A /* desafio-coraTests.xctest */ = {isa = PBXFileReference; explicitFileType = wrapper.cfbundle; includeInIndex = 0; path = "desafio-coraTests.xctest"; sourceTree = BUILT_PRODUCTS_DIR; };
		A88FA0BC2C39816C00EEE69A /* desafio-coraUITests.xctest */ = {isa = PBXFileReference; explicitFileType = wrapper.cfbundle; includeInIndex = 0; path = "desafio-coraUITests.xctest"; sourceTree = BUILT_PRODUCTS_DIR; };
		A88FA0C02C39816C00EEE69A /* desafio_coraUITests.swift */ = {isa = PBXFileReference; lastKnownFileType = sourcecode.swift; path = desafio_coraUITests.swift; sourceTree = "<group>"; };
		A88FA0C22C39816C00EEE69A /* desafio_coraUITestsLaunchTests.swift */ = {isa = PBXFileReference; lastKnownFileType = sourcecode.swift; path = desafio_coraUITestsLaunchTests.swift; sourceTree = "<group>"; };
		A88FA0FF2C39CC6B00EEE69A /* CoraNetwork.xcodeproj */ = {isa = PBXFileReference; lastKnownFileType = "wrapper.pb-project"; name = CoraNetwork.xcodeproj; path = ../../CoraNetwork/CoraNetwork.xcodeproj; sourceTree = "<group>"; };
		A88FA12C2C3C368900EEE69A /* CoraDesignSystem.xcodeproj */ = {isa = PBXFileReference; lastKnownFileType = "wrapper.pb-project"; name = CoraDesignSystem.xcodeproj; path = ../../CoraDesignSystem/CoraDesignSystem.xcodeproj; sourceTree = "<group>"; };
/* End PBXFileReference section */

/* Begin PBXFrameworksBuildPhase section */
		A88FA0992C39816B00EEE69A /* Frameworks */ = {
			isa = PBXFrameworksBuildPhase;
			buildActionMask = 2147483647;
			files = (
				A81DD96D2C3D737A00848437 /* CoraDesignSystem.framework in Frameworks */,
				A88FA1062C39CCAF00EEE69A /* CoraNetwork.framework in Frameworks */,
			);
			runOnlyForDeploymentPostprocessing = 0;
		};
		A88FA0AF2C39816C00EEE69A /* Frameworks */ = {
			isa = PBXFrameworksBuildPhase;
			buildActionMask = 2147483647;
			files = (
			);
			runOnlyForDeploymentPostprocessing = 0;
		};
		A88FA0B92C39816C00EEE69A /* Frameworks */ = {
			isa = PBXFrameworksBuildPhase;
			buildActionMask = 2147483647;
			files = (
			);
			runOnlyForDeploymentPostprocessing = 0;
		};
/* End PBXFrameworksBuildPhase section */

/* Begin PBXGroup section */
		A81DD9872C3DD00100848437 /* Features */ = {
			isa = PBXGroup;
			children = (
				A873AA532C4460A6005B1449 /* ExtractDetail */,
				A8387E962C43000E00663E4B /* Extract */,
				A81DD9992C41AC6700848437 /* Login */,
				A88FA10B2C3C1A7F00EEE69A /* Welcome */,
			);
			path = Features;
			sourceTree = "<group>";
		};
		A81DD9992C41AC6700848437 /* Login */ = {
			isa = PBXGroup;
			children = (
				A8387E7A2C42D97E00663E4B /* Extensions */,
				A8387E712C42D26700663E4B /* PasswordValidation */,
				A8387E682C42C71400663E4B /* CpfValidation */,
				A81DD9A42C41AD6500848437 /* LoginView.swift */,
				A8387E662C420EE100663E4B /* LoginCoordinator.swift */,
				A873AA822C456CB6005B1449 /* LoginLocalizedStrings.swift */,
			);
			path = Login;
			sourceTree = "<group>";
		};
		A8387E682C42C71400663E4B /* CpfValidation */ = {
			isa = PBXGroup;
			children = (
				A8387E692C42C76E00663E4B /* CpfValidationViewController.swift */,
				A8387E6B2C42C7DA00663E4B /* CpfValidationFactory.swift */,
				A8387E6D2C42C83400663E4B /* CpfValidationPresenter.swift */,
				A8387E6F2C42C87C00663E4B /* CpfValidationInteractor.swift */,
			);
			path = CpfValidation;
			sourceTree = "<group>";
		};
		A8387E712C42D26700663E4B /* PasswordValidation */ = {
			isa = PBXGroup;
			children = (
				A8387E722C42D37E00663E4B /* PasswordValidationViewController.swift */,
				A8387E742C42D46A00663E4B /* PasswordValidationPresenter.swift */,
				A8387E762C42D67500663E4B /* PasswordValidationInteractor.swift */,
				A8387E782C42D75D00663E4B /* PasswordValidationFactory.swift */,
				A8387E852C42F97200663E4B /* PasswordValidationService.swift */,
			);
			path = PasswordValidation;
			sourceTree = "<group>";
		};
		A8387E7A2C42D97E00663E4B /* Extensions */ = {
			isa = PBXGroup;
			children = (
				A8387E7B2C42D98F00663E4B /* LoginValidations.swift */,
			);
			path = Extensions;
			sourceTree = "<group>";
		};
		A8387E962C43000E00663E4B /* Extract */ = {
			isa = PBXGroup;
			children = (
				A8387EAB2C4320BA00663E4B /* ExtractPresenter.swift */,
				A8387E992C43085700663E4B /* View */,
				A8387EA22C4312C700663E4B /* ExtractInteractor.swift */,
				A8387EA42C4312F000663E4B /* ExtractService.swift */,
				A8387EA62C43197D00663E4B /* ExtractFactory.swift */,
				A873AA5F2C44B1B7005B1449 /* ExtractCoordinator.swift */,
			);
			path = Extract;
			sourceTree = "<group>";
		};
		A8387E992C43085700663E4B /* View */ = {
			isa = PBXGroup;
			children = (
				A8387E972C43004900663E4B /* ExtractCell.swift */,
				A8387E9A2C43089F00663E4B /* ExtractView.swift */,
				A8387E9C2C430A4200663E4B /* ExtractViewController.swift */,
			);
			path = View;
			sourceTree = "<group>";
		};
		A8387EA82C431AA800663E4B /* Common */ = {
			isa = PBXGroup;
			children = (
				A873AA782C4551DE005B1449 /* Localizable */,
				A8387E872C42F9E100663E4B /* CoraEndpoint.swift */,
				A8387EA92C431ABA00663E4B /* GenericTableViewDataSource.swift */,
				A873AA662C44C40F005B1449 /* Collection+Extensions.swift */,
			);
			path = Common;
			sourceTree = "<group>";
		};
		A873AA532C4460A6005B1449 /* ExtractDetail */ = {
			isa = PBXGroup;
			children = (
				A873AA632C44B33D005B1449 /* View */,
				A873AA5B2C449F15005B1449 /* ExtractDetailInteractor.swift */,
				A873AA5D2C449F9B005B1449 /* ExtractDetailService.swift */,
				A873AA612C44B2BE005B1449 /* ExtractDetailFactory.swift */,
				A873AA642C44B358005B1449 /* ExtractDetailPresenter.swift */,
				A873AA842C457C80005B1449 /* ExtractDetailLocalizedStrings.swift */,
			);
			path = ExtractDetail;
			sourceTree = "<group>";
		};
		A873AA632C44B33D005B1449 /* View */ = {
			isa = PBXGroup;
			children = (
				A873AA582C4477A6005B1449 /* DetailedTextView.swift */,
				A873AA562C44622C005B1449 /* ExtractDetailViewController.swift */,
				A873AA542C4460B4005B1449 /* ExtractDetailView.swift */,
			);
			path = View;
			sourceTree = "<group>";
		};
		A873AA782C4551DE005B1449 /* Localizable */ = {
			isa = PBXGroup;
			children = (
				A873AA802C4554DD005B1449 /* Localizable.strings */,
				A873AA792C4551EE005B1449 /* Localizable.swift */,
			);
			path = Localizable;
			sourceTree = "<group>";
		};
		A873AA8C2C458FF0005B1449 /* Features */ = {
			isa = PBXGroup;
			children = (
				A873AA8D2C458FF6005B1449 /* Login */,
			);
			path = Features;
			sourceTree = "<group>";
		};
		A873AA8D2C458FF6005B1449 /* Login */ = {
			isa = PBXGroup;
			children = (
				A873AA9A2C45A536005B1449 /* PasswordValidation */,
				A873AA8F2C459001005B1449 /* Mocks */,
				A873AA8E2C458FFB005B1449 /* CpfValidation */,
			);
			path = Login;
			sourceTree = "<group>";
		};
		A873AA8E2C458FFB005B1449 /* CpfValidation */ = {
			isa = PBXGroup;
			children = (
				A873AA962C4592B5005B1449 /* CpfValidationInteractorTests.swift */,
			);
			path = CpfValidation;
			sourceTree = "<group>";
		};
		A873AA8F2C459001005B1449 /* Mocks */ = {
			isa = PBXGroup;
			children = (
				A873AAB62C45B685005B1449 /* RepositoryMock.swift */,
				A873AA902C45909C005B1449 /* CpfValidationPresenterMock.swift */,
				A873AA922C459252005B1449 /* LoginCoordinatorMock.swift */,
				A873AA942C459299005B1449 /* PasswordValidationPresenterMock.swift */,
				A873AA982C45A4A6005B1449 /* PasswordValidationServiceMock.swift */,
			);
			path = Mocks;
			sourceTree = "<group>";
		};
		A873AA9A2C45A536005B1449 /* PasswordValidation */ = {
			isa = PBXGroup;
			children = (
				A873AA9B2C45A572005B1449 /* PasswordValidationInteractorTests.swift */,
			);
			path = PasswordValidation;
			sourceTree = "<group>";
		};
		A88FA0932C39816B00EEE69A = {
			isa = PBXGroup;
			children = (
				A88FA09E2C39816B00EEE69A /* desafio-cora */,
				A88FA0B52C39816C00EEE69A /* desafio-coraTests */,
				A88FA0BF2C39816C00EEE69A /* desafio-coraUITests */,
				A88FA09D2C39816B00EEE69A /* Products */,
				A88FA1052C39CCAF00EEE69A /* Frameworks */,
			);
			sourceTree = "<group>";
		};
		A88FA09D2C39816B00EEE69A /* Products */ = {
			isa = PBXGroup;
			children = (
				A88FA09C2C39816B00EEE69A /* desafio-cora.app */,
				A88FA0B22C39816C00EEE69A /* desafio-coraTests.xctest */,
				A88FA0BC2C39816C00EEE69A /* desafio-coraUITests.xctest */,
			);
			name = Products;
			sourceTree = "<group>";
		};
		A88FA09E2C39816B00EEE69A /* desafio-cora */ = {
			isa = PBXGroup;
			children = (
				A873AA5A2C449C64005B1449 /* desafio-cora.entitlements */,
				A8387EA82C431AA800663E4B /* Common */,
				A81DD9872C3DD00100848437 /* Features */,
				A88FA12C2C3C368900EEE69A /* CoraDesignSystem.xcodeproj */,
				A88FA10C2C3C1A9400EEE69A /* AppConfiguration */,
				A88FA0FF2C39CC6B00EEE69A /* CoraNetwork.xcodeproj */,
			);
			path = "desafio-cora";
			sourceTree = "<group>";
		};
		A88FA0B52C39816C00EEE69A /* desafio-coraTests */ = {
			isa = PBXGroup;
			children = (
				A873AA8C2C458FF0005B1449 /* Features */,
			);
			path = "desafio-coraTests";
			sourceTree = "<group>";
		};
		A88FA0BF2C39816C00EEE69A /* desafio-coraUITests */ = {
			isa = PBXGroup;
			children = (
				A88FA0C02C39816C00EEE69A /* desafio_coraUITests.swift */,
				A88FA0C22C39816C00EEE69A /* desafio_coraUITestsLaunchTests.swift */,
			);
			path = "desafio-coraUITests";
			sourceTree = "<group>";
		};
		A88FA1002C39CC6B00EEE69A /* Products */ = {
			isa = PBXGroup;
			children = (
				A88FA1042C39CC6B00EEE69A /* CoraNetwork.framework */,
				A873AAB52C45B622005B1449 /* CoraNetworkTests.xctest */,
			);
			name = Products;
			sourceTree = "<group>";
		};
		A88FA1052C39CCAF00EEE69A /* Frameworks */ = {
			isa = PBXGroup;
			children = (
			);
			name = Frameworks;
			sourceTree = "<group>";
		};
		A88FA10B2C3C1A7F00EEE69A /* Welcome */ = {
			isa = PBXGroup;
			children = (
				A873AA7D2C45534A005B1449 /* WelcomeLocalizedStrings.swift */,
				A88FA0A32C39816B00EEE69A /* WelcomeViewController.swift */,
				A81DD9882C3DD06200848437 /* WelcomeView.swift */,
				A81DD98A2C3DFA0200848437 /* WelcomePresenter.swift */,
				A81DD98C2C3DFD3900848437 /* WelcomeFactory.swift */,
				A81DD98E2C3DFE8E00848437 /* WelcomeCoordinator.swift */,
			);
			path = Welcome;
			sourceTree = "<group>";
		};
		A88FA10C2C3C1A9400EEE69A /* AppConfiguration */ = {
			isa = PBXGroup;
			children = (
				A88FA0AD2C39816C00EEE69A /* Info.plist */,
				A88FA0AA2C39816C00EEE69A /* LaunchScreen.storyboard */,
				A88FA0A82C39816C00EEE69A /* Assets.xcassets */,
				A88FA0A12C39816B00EEE69A /* SceneDelegate.swift */,
				A88FA09F2C39816B00EEE69A /* AppDelegate.swift */,
			);
			path = AppConfiguration;
			sourceTree = "<group>";
		};
		A88FA12D2C3C368900EEE69A /* Products */ = {
			isa = PBXGroup;
			children = (
				A88FA1312C3C368900EEE69A /* CoraDesignSystem.framework */,
			);
			name = Products;
			sourceTree = "<group>";
		};
/* End PBXGroup section */

/* Begin PBXNativeTarget section */
		A88FA09B2C39816B00EEE69A /* desafio-cora */ = {
			isa = PBXNativeTarget;
			buildConfigurationList = A88FA0C62C39816C00EEE69A /* Build configuration list for PBXNativeTarget "desafio-cora" */;
			buildPhases = (
				A88FA0982C39816B00EEE69A /* Sources */,
				A88FA0992C39816B00EEE69A /* Frameworks */,
				A88FA09A2C39816B00EEE69A /* Resources */,
				A88FA1082C39CCAF00EEE69A /* Embed Frameworks */,
			);
			buildRules = (
			);
			dependencies = (
			);
			name = "desafio-cora";
			productName = "desafio-cora";
			productReference = A88FA09C2C39816B00EEE69A /* desafio-cora.app */;
			productType = "com.apple.product-type.application";
		};
		A88FA0B12C39816C00EEE69A /* desafio-coraTests */ = {
			isa = PBXNativeTarget;
			buildConfigurationList = A88FA0C92C39816C00EEE69A /* Build configuration list for PBXNativeTarget "desafio-coraTests" */;
			buildPhases = (
				A88FA0AE2C39816C00EEE69A /* Sources */,
				A88FA0AF2C39816C00EEE69A /* Frameworks */,
				A88FA0B02C39816C00EEE69A /* Resources */,
			);
			buildRules = (
			);
			dependencies = (
				A88FA0B42C39816C00EEE69A /* PBXTargetDependency */,
			);
			name = "desafio-coraTests";
			productName = "desafio-coraTests";
			productReference = A88FA0B22C39816C00EEE69A /* desafio-coraTests.xctest */;
			productType = "com.apple.product-type.bundle.unit-test";
		};
		A88FA0BB2C39816C00EEE69A /* desafio-coraUITests */ = {
			isa = PBXNativeTarget;
			buildConfigurationList = A88FA0CC2C39816C00EEE69A /* Build configuration list for PBXNativeTarget "desafio-coraUITests" */;
			buildPhases = (
				A88FA0B82C39816C00EEE69A /* Sources */,
				A88FA0B92C39816C00EEE69A /* Frameworks */,
				A88FA0BA2C39816C00EEE69A /* Resources */,
			);
			buildRules = (
			);
			dependencies = (
				A88FA0BE2C39816C00EEE69A /* PBXTargetDependency */,
			);
			name = "desafio-coraUITests";
			productName = "desafio-coraUITests";
			productReference = A88FA0BC2C39816C00EEE69A /* desafio-coraUITests.xctest */;
			productType = "com.apple.product-type.bundle.ui-testing";
		};
/* End PBXNativeTarget section */

/* Begin PBXProject section */
		A88FA0942C39816B00EEE69A /* Project object */ = {
			isa = PBXProject;
			attributes = {
				BuildIndependentTargetsInParallel = 1;
				LastSwiftUpdateCheck = 1520;
				LastUpgradeCheck = 1520;
				TargetAttributes = {
					A88FA09B2C39816B00EEE69A = {
						CreatedOnToolsVersion = 15.2;
					};
					A88FA0B12C39816C00EEE69A = {
						CreatedOnToolsVersion = 15.2;
						LastSwiftMigration = 1520;
						TestTargetID = A88FA09B2C39816B00EEE69A;
					};
					A88FA0BB2C39816C00EEE69A = {
						CreatedOnToolsVersion = 15.2;
						TestTargetID = A88FA09B2C39816B00EEE69A;
					};
				};
			};
			buildConfigurationList = A88FA0972C39816B00EEE69A /* Build configuration list for PBXProject "desafio-cora" */;
			compatibilityVersion = "Xcode 14.0";
			developmentRegion = "pt-BR";
			hasScannedForEncodings = 0;
			knownRegions = (
				en,
				Base,
				"pt-BR",
			);
			mainGroup = A88FA0932C39816B00EEE69A;
			productRefGroup = A88FA09D2C39816B00EEE69A /* Products */;
			projectDirPath = "";
			projectReferences = (
				{
					ProductGroup = A88FA12D2C3C368900EEE69A /* Products */;
					ProjectRef = A88FA12C2C3C368900EEE69A /* CoraDesignSystem.xcodeproj */;
				},
				{
					ProductGroup = A88FA1002C39CC6B00EEE69A /* Products */;
					ProjectRef = A88FA0FF2C39CC6B00EEE69A /* CoraNetwork.xcodeproj */;
				},
			);
			projectRoot = "";
			targets = (
				A88FA09B2C39816B00EEE69A /* desafio-cora */,
				A88FA0B12C39816C00EEE69A /* desafio-coraTests */,
				A88FA0BB2C39816C00EEE69A /* desafio-coraUITests */,
			);
		};
/* End PBXProject section */

/* Begin PBXReferenceProxy section */
		A873AAB52C45B622005B1449 /* CoraNetworkTests.xctest */ = {
			isa = PBXReferenceProxy;
			fileType = wrapper.cfbundle;
			path = CoraNetworkTests.xctest;
			remoteRef = A873AAB42C45B622005B1449 /* PBXContainerItemProxy */;
			sourceTree = BUILT_PRODUCTS_DIR;
		};
		A88FA1042C39CC6B00EEE69A /* CoraNetwork.framework */ = {
			isa = PBXReferenceProxy;
			fileType = wrapper.framework;
			path = CoraNetwork.framework;
			remoteRef = A88FA1032C39CC6B00EEE69A /* PBXContainerItemProxy */;
			sourceTree = BUILT_PRODUCTS_DIR;
		};
		A88FA1312C3C368900EEE69A /* CoraDesignSystem.framework */ = {
			isa = PBXReferenceProxy;
			fileType = wrapper.framework;
			path = CoraDesignSystem.framework;
			remoteRef = A88FA1302C3C368900EEE69A /* PBXContainerItemProxy */;
			sourceTree = BUILT_PRODUCTS_DIR;
		};
/* End PBXReferenceProxy section */

/* Begin PBXResourcesBuildPhase section */
		A88FA09A2C39816B00EEE69A /* Resources */ = {
			isa = PBXResourcesBuildPhase;
			buildActionMask = 2147483647;
			files = (
				A873AA812C4554DD005B1449 /* Localizable.strings in Resources */,
				A88FA0AC2C39816C00EEE69A /* LaunchScreen.storyboard in Resources */,
				A88FA0A92C39816C00EEE69A /* Assets.xcassets in Resources */,
			);
			runOnlyForDeploymentPostprocessing = 0;
		};
		A88FA0B02C39816C00EEE69A /* Resources */ = {
			isa = PBXResourcesBuildPhase;
			buildActionMask = 2147483647;
			files = (
			);
			runOnlyForDeploymentPostprocessing = 0;
		};
		A88FA0BA2C39816C00EEE69A /* Resources */ = {
			isa = PBXResourcesBuildPhase;
			buildActionMask = 2147483647;
			files = (
			);
			runOnlyForDeploymentPostprocessing = 0;
		};
/* End PBXResourcesBuildPhase section */

/* Begin PBXSourcesBuildPhase section */
		A88FA0982C39816B00EEE69A /* Sources */ = {
			isa = PBXSourcesBuildPhase;
			buildActionMask = 2147483647;
			files = (
				A8387EA32C4312C700663E4B /* ExtractInteractor.swift in Sources */,
				A873AA652C44B358005B1449 /* ExtractDetailPresenter.swift in Sources */,
				A873AA672C44C40F005B1449 /* Collection+Extensions.swift in Sources */,
				A873AA5C2C449F15005B1449 /* ExtractDetailInteractor.swift in Sources */,
				A8387E792C42D75D00663E4B /* PasswordValidationFactory.swift in Sources */,
				A88FA0A42C39816B00EEE69A /* WelcomeViewController.swift in Sources */,
				A8387E732C42D37E00663E4B /* PasswordValidationViewController.swift in Sources */,
				A8387E6C2C42C7DA00663E4B /* CpfValidationFactory.swift in Sources */,
				A873AA832C456CB6005B1449 /* LoginLocalizedStrings.swift in Sources */,
				A8387E9B2C43089F00663E4B /* ExtractView.swift in Sources */,
				A8387EA72C43197D00663E4B /* ExtractFactory.swift in Sources */,
				A8387E7C2C42D98F00663E4B /* LoginValidations.swift in Sources */,
				A8387E9D2C430A4200663E4B /* ExtractViewController.swift in Sources */,
				A873AA552C4460B4005B1449 /* ExtractDetailView.swift in Sources */,
				A81DD98B2C3DFA0200848437 /* WelcomePresenter.swift in Sources */,
				A88FA0A02C39816B00EEE69A /* AppDelegate.swift in Sources */,
				A81DD9A52C41AD6500848437 /* LoginView.swift in Sources */,
				A8387E772C42D67500663E4B /* PasswordValidationInteractor.swift in Sources */,
				A8387E752C42D46A00663E4B /* PasswordValidationPresenter.swift in Sources */,
				A873AA622C44B2BE005B1449 /* ExtractDetailFactory.swift in Sources */,
				A873AA5E2C449F9B005B1449 /* ExtractDetailService.swift in Sources */,
				A873AA7E2C45534A005B1449 /* WelcomeLocalizedStrings.swift in Sources */,
				A8387E702C42C87C00663E4B /* CpfValidationInteractor.swift in Sources */,
				A8387E672C420EE100663E4B /* LoginCoordinator.swift in Sources */,
				A8387E6A2C42C76E00663E4B /* CpfValidationViewController.swift in Sources */,
				A8387E982C43004900663E4B /* ExtractCell.swift in Sources */,
				A81DD98F2C3DFE8E00848437 /* WelcomeCoordinator.swift in Sources */,
				A8387E862C42F97200663E4B /* PasswordValidationService.swift in Sources */,
				A88FA0A22C39816B00EEE69A /* SceneDelegate.swift in Sources */,
				A81DD9892C3DD06200848437 /* WelcomeView.swift in Sources */,
				A873AA572C44622C005B1449 /* ExtractDetailViewController.swift in Sources */,
				A8387EAA2C431ABA00663E4B /* GenericTableViewDataSource.swift in Sources */,
				A8387E6E2C42C83400663E4B /* CpfValidationPresenter.swift in Sources */,
				A873AA852C457C80005B1449 /* ExtractDetailLocalizedStrings.swift in Sources */,
				A873AA602C44B1B7005B1449 /* ExtractCoordinator.swift in Sources */,
				A873AA7A2C4551EE005B1449 /* Localizable.swift in Sources */,
				A8387EAC2C4320BA00663E4B /* ExtractPresenter.swift in Sources */,
				A81DD98D2C3DFD3900848437 /* WelcomeFactory.swift in Sources */,
				A8387E882C42F9E100663E4B /* CoraEndpoint.swift in Sources */,
				A873AA592C4477A6005B1449 /* DetailedTextView.swift in Sources */,
				A8387EA52C4312F000663E4B /* ExtractService.swift in Sources */,
			);
			runOnlyForDeploymentPostprocessing = 0;
		};
		A88FA0AE2C39816C00EEE69A /* Sources */ = {
			isa = PBXSourcesBuildPhase;
			buildActionMask = 2147483647;
			files = (
				A873AA952C459299005B1449 /* PasswordValidationPresenterMock.swift in Sources */,
				A873AA932C459252005B1449 /* LoginCoordinatorMock.swift in Sources */,
				A873AA9C2C45A572005B1449 /* PasswordValidationInteractorTests.swift in Sources */,
				A873AA912C45909C005B1449 /* CpfValidationPresenterMock.swift in Sources */,
				A873AAB72C45B685005B1449 /* RepositoryMock.swift in Sources */,
				A873AA972C4592B5005B1449 /* CpfValidationInteractorTests.swift in Sources */,
				A873AA992C45A4A6005B1449 /* PasswordValidationServiceMock.swift in Sources */,
			);
			runOnlyForDeploymentPostprocessing = 0;
		};
		A88FA0B82C39816C00EEE69A /* Sources */ = {
			isa = PBXSourcesBuildPhase;
			buildActionMask = 2147483647;
			files = (
				A88FA0C12C39816C00EEE69A /* desafio_coraUITests.swift in Sources */,
				A88FA0C32C39816C00EEE69A /* desafio_coraUITestsLaunchTests.swift in Sources */,
			);
			runOnlyForDeploymentPostprocessing = 0;
		};
/* End PBXSourcesBuildPhase section */

/* Begin PBXTargetDependency section */
		A88FA0B42C39816C00EEE69A /* PBXTargetDependency */ = {
			isa = PBXTargetDependency;
			target = A88FA09B2C39816B00EEE69A /* desafio-cora */;
			targetProxy = A88FA0B32C39816C00EEE69A /* PBXContainerItemProxy */;
		};
		A88FA0BE2C39816C00EEE69A /* PBXTargetDependency */ = {
			isa = PBXTargetDependency;
			target = A88FA09B2C39816B00EEE69A /* desafio-cora */;
			targetProxy = A88FA0BD2C39816C00EEE69A /* PBXContainerItemProxy */;
		};
/* End PBXTargetDependency section */

/* Begin PBXVariantGroup section */
		A88FA0AA2C39816C00EEE69A /* LaunchScreen.storyboard */ = {
			isa = PBXVariantGroup;
			children = (
				A88FA0AB2C39816C00EEE69A /* Base */,
			);
			name = LaunchScreen.storyboard;
			sourceTree = "<group>";
		};
/* End PBXVariantGroup section */

/* Begin XCBuildConfiguration section */
		A88FA0C42C39816C00EEE69A /* Debug */ = {
			isa = XCBuildConfiguration;
			buildSettings = {
				ALWAYS_SEARCH_USER_PATHS = NO;
				ASSETCATALOG_COMPILER_GENERATE_SWIFT_ASSET_SYMBOL_EXTENSIONS = YES;
				CLANG_ANALYZER_NONNULL = YES;
				CLANG_ANALYZER_NUMBER_OBJECT_CONVERSION = YES_AGGRESSIVE;
				CLANG_CXX_LANGUAGE_STANDARD = "gnu++20";
				CLANG_ENABLE_MODULES = YES;
				CLANG_ENABLE_OBJC_ARC = YES;
				CLANG_ENABLE_OBJC_WEAK = YES;
				CLANG_WARN_BLOCK_CAPTURE_AUTORELEASING = YES;
				CLANG_WARN_BOOL_CONVERSION = YES;
				CLANG_WARN_COMMA = YES;
				CLANG_WARN_CONSTANT_CONVERSION = YES;
				CLANG_WARN_DEPRECATED_OBJC_IMPLEMENTATIONS = YES;
				CLANG_WARN_DIRECT_OBJC_ISA_USAGE = YES_ERROR;
				CLANG_WARN_DOCUMENTATION_COMMENTS = YES;
				CLANG_WARN_EMPTY_BODY = YES;
				CLANG_WARN_ENUM_CONVERSION = YES;
				CLANG_WARN_INFINITE_RECURSION = YES;
				CLANG_WARN_INT_CONVERSION = YES;
				CLANG_WARN_NON_LITERAL_NULL_CONVERSION = YES;
				CLANG_WARN_OBJC_IMPLICIT_RETAIN_SELF = YES;
				CLANG_WARN_OBJC_LITERAL_CONVERSION = YES;
				CLANG_WARN_OBJC_ROOT_CLASS = YES_ERROR;
				CLANG_WARN_QUOTED_INCLUDE_IN_FRAMEWORK_HEADER = YES;
				CLANG_WARN_RANGE_LOOP_ANALYSIS = YES;
				CLANG_WARN_STRICT_PROTOTYPES = YES;
				CLANG_WARN_SUSPICIOUS_MOVE = YES;
				CLANG_WARN_UNGUARDED_AVAILABILITY = YES_AGGRESSIVE;
				CLANG_WARN_UNREACHABLE_CODE = YES;
				CLANG_WARN__DUPLICATE_METHOD_MATCH = YES;
				COPY_PHASE_STRIP = NO;
				DEBUG_INFORMATION_FORMAT = dwarf;
				ENABLE_STRICT_OBJC_MSGSEND = YES;
				ENABLE_TESTABILITY = YES;
				ENABLE_USER_SCRIPT_SANDBOXING = YES;
				GCC_C_LANGUAGE_STANDARD = gnu17;
				GCC_DYNAMIC_NO_PIC = NO;
				GCC_NO_COMMON_BLOCKS = YES;
				GCC_OPTIMIZATION_LEVEL = 0;
				GCC_PREPROCESSOR_DEFINITIONS = (
					"DEBUG=1",
					"$(inherited)",
				);
				GCC_WARN_64_TO_32_BIT_CONVERSION = YES;
				GCC_WARN_ABOUT_RETURN_TYPE = YES_ERROR;
				GCC_WARN_UNDECLARED_SELECTOR = YES;
				GCC_WARN_UNINITIALIZED_AUTOS = YES_AGGRESSIVE;
				GCC_WARN_UNUSED_FUNCTION = YES;
				GCC_WARN_UNUSED_VARIABLE = YES;
				IPHONEOS_DEPLOYMENT_TARGET = 17.2;
				LOCALIZATION_PREFERS_STRING_CATALOGS = YES;
				MTL_ENABLE_DEBUG_INFO = INCLUDE_SOURCE;
				MTL_FAST_MATH = YES;
				ONLY_ACTIVE_ARCH = YES;
				SDKROOT = iphoneos;
				SWIFT_ACTIVE_COMPILATION_CONDITIONS = "DEBUG $(inherited)";
				SWIFT_OPTIMIZATION_LEVEL = "-Onone";
			};
			name = Debug;
		};
		A88FA0C52C39816C00EEE69A /* Release */ = {
			isa = XCBuildConfiguration;
			buildSettings = {
				ALWAYS_SEARCH_USER_PATHS = NO;
				ASSETCATALOG_COMPILER_GENERATE_SWIFT_ASSET_SYMBOL_EXTENSIONS = YES;
				CLANG_ANALYZER_NONNULL = YES;
				CLANG_ANALYZER_NUMBER_OBJECT_CONVERSION = YES_AGGRESSIVE;
				CLANG_CXX_LANGUAGE_STANDARD = "gnu++20";
				CLANG_ENABLE_MODULES = YES;
				CLANG_ENABLE_OBJC_ARC = YES;
				CLANG_ENABLE_OBJC_WEAK = YES;
				CLANG_WARN_BLOCK_CAPTURE_AUTORELEASING = YES;
				CLANG_WARN_BOOL_CONVERSION = YES;
				CLANG_WARN_COMMA = YES;
				CLANG_WARN_CONSTANT_CONVERSION = YES;
				CLANG_WARN_DEPRECATED_OBJC_IMPLEMENTATIONS = YES;
				CLANG_WARN_DIRECT_OBJC_ISA_USAGE = YES_ERROR;
				CLANG_WARN_DOCUMENTATION_COMMENTS = YES;
				CLANG_WARN_EMPTY_BODY = YES;
				CLANG_WARN_ENUM_CONVERSION = YES;
				CLANG_WARN_INFINITE_RECURSION = YES;
				CLANG_WARN_INT_CONVERSION = YES;
				CLANG_WARN_NON_LITERAL_NULL_CONVERSION = YES;
				CLANG_WARN_OBJC_IMPLICIT_RETAIN_SELF = YES;
				CLANG_WARN_OBJC_LITERAL_CONVERSION = YES;
				CLANG_WARN_OBJC_ROOT_CLASS = YES_ERROR;
				CLANG_WARN_QUOTED_INCLUDE_IN_FRAMEWORK_HEADER = YES;
				CLANG_WARN_RANGE_LOOP_ANALYSIS = YES;
				CLANG_WARN_STRICT_PROTOTYPES = YES;
				CLANG_WARN_SUSPICIOUS_MOVE = YES;
				CLANG_WARN_UNGUARDED_AVAILABILITY = YES_AGGRESSIVE;
				CLANG_WARN_UNREACHABLE_CODE = YES;
				CLANG_WARN__DUPLICATE_METHOD_MATCH = YES;
				COPY_PHASE_STRIP = NO;
				DEBUG_INFORMATION_FORMAT = "dwarf-with-dsym";
				ENABLE_NS_ASSERTIONS = NO;
				ENABLE_STRICT_OBJC_MSGSEND = YES;
				ENABLE_USER_SCRIPT_SANDBOXING = YES;
				GCC_C_LANGUAGE_STANDARD = gnu17;
				GCC_NO_COMMON_BLOCKS = YES;
				GCC_WARN_64_TO_32_BIT_CONVERSION = YES;
				GCC_WARN_ABOUT_RETURN_TYPE = YES_ERROR;
				GCC_WARN_UNDECLARED_SELECTOR = YES;
				GCC_WARN_UNINITIALIZED_AUTOS = YES_AGGRESSIVE;
				GCC_WARN_UNUSED_FUNCTION = YES;
				GCC_WARN_UNUSED_VARIABLE = YES;
				IPHONEOS_DEPLOYMENT_TARGET = 17.2;
				LOCALIZATION_PREFERS_STRING_CATALOGS = YES;
				MTL_ENABLE_DEBUG_INFO = NO;
				MTL_FAST_MATH = YES;
				SDKROOT = iphoneos;
				SWIFT_COMPILATION_MODE = wholemodule;
				VALIDATE_PRODUCT = YES;
			};
			name = Release;
		};
		A88FA0C72C39816C00EEE69A /* Debug */ = {
			isa = XCBuildConfiguration;
			buildSettings = {
				ASSETCATALOG_COMPILER_APPICON_NAME = AppIcon;
				ASSETCATALOG_COMPILER_GLOBAL_ACCENT_COLOR_NAME = AccentColor;
				CODE_SIGN_ENTITLEMENTS = "desafio-cora/desafio-cora.entitlements";
				CODE_SIGN_STYLE = Automatic;
				CURRENT_PROJECT_VERSION = 1;
				DEVELOPMENT_TEAM = CY35DG58QL;
				GENERATE_INFOPLIST_FILE = YES;
				INFOPLIST_FILE = "desafio-cora/AppConfiguration/Info.plist";
				INFOPLIST_KEY_UIApplicationSupportsIndirectInputEvents = YES;
				INFOPLIST_KEY_UILaunchStoryboardName = LaunchScreen;
				INFOPLIST_KEY_UISupportedInterfaceOrientations_iPad = "UIInterfaceOrientationPortrait UIInterfaceOrientationPortraitUpsideDown UIInterfaceOrientationLandscapeLeft UIInterfaceOrientationLandscapeRight";
				INFOPLIST_KEY_UISupportedInterfaceOrientations_iPhone = "UIInterfaceOrientationPortrait UIInterfaceOrientationLandscapeLeft UIInterfaceOrientationLandscapeRight";
				IPHONEOS_DEPLOYMENT_TARGET = 13.6;
				LD_RUNPATH_SEARCH_PATHS = (
					"$(inherited)",
					"@executable_path/Frameworks",
				);
				MARKETING_VERSION = 1.0;
				PRODUCT_BUNDLE_IDENTIFIER = "thefael.desafio-cora";
				PRODUCT_NAME = "$(TARGET_NAME)";
				SWIFT_EMIT_LOC_STRINGS = YES;
				SWIFT_VERSION = 5.0;
				TARGETED_DEVICE_FAMILY = "1,2";
			};
			name = Debug;
		};
		A88FA0C82C39816C00EEE69A /* Release */ = {
			isa = XCBuildConfiguration;
			buildSettings = {
				ASSETCATALOG_COMPILER_APPICON_NAME = AppIcon;
				ASSETCATALOG_COMPILER_GLOBAL_ACCENT_COLOR_NAME = AccentColor;
				CODE_SIGN_ENTITLEMENTS = "desafio-cora/desafio-cora.entitlements";
				CODE_SIGN_STYLE = Automatic;
				CURRENT_PROJECT_VERSION = 1;
				DEVELOPMENT_TEAM = CY35DG58QL;
				GENERATE_INFOPLIST_FILE = YES;
				INFOPLIST_FILE = "desafio-cora/AppConfiguration/Info.plist";
				INFOPLIST_KEY_UIApplicationSupportsIndirectInputEvents = YES;
				INFOPLIST_KEY_UILaunchStoryboardName = LaunchScreen;
				INFOPLIST_KEY_UISupportedInterfaceOrientations_iPad = "UIInterfaceOrientationPortrait UIInterfaceOrientationPortraitUpsideDown UIInterfaceOrientationLandscapeLeft UIInterfaceOrientationLandscapeRight";
				INFOPLIST_KEY_UISupportedInterfaceOrientations_iPhone = "UIInterfaceOrientationPortrait UIInterfaceOrientationLandscapeLeft UIInterfaceOrientationLandscapeRight";
				IPHONEOS_DEPLOYMENT_TARGET = 13.6;
				LD_RUNPATH_SEARCH_PATHS = (
					"$(inherited)",
					"@executable_path/Frameworks",
				);
				MARKETING_VERSION = 1.0;
				PRODUCT_BUNDLE_IDENTIFIER = "thefael.desafio-cora";
				PRODUCT_NAME = "$(TARGET_NAME)";
				SWIFT_EMIT_LOC_STRINGS = YES;
				SWIFT_VERSION = 5.0;
				TARGETED_DEVICE_FAMILY = "1,2";
			};
			name = Release;
		};
		A88FA0CA2C39816C00EEE69A /* Debug */ = {
			isa = XCBuildConfiguration;
			buildSettings = {
				ALWAYS_EMBED_SWIFT_STANDARD_LIBRARIES = YES;
				BUNDLE_LOADER = "$(TEST_HOST)";
				CLANG_ENABLE_MODULES = YES;
				CODE_SIGN_STYLE = Automatic;
				CURRENT_PROJECT_VERSION = 1;
				DEVELOPMENT_TEAM = CY35DG58QL;
				GENERATE_INFOPLIST_FILE = YES;
				IPHONEOS_DEPLOYMENT_TARGET = 17.2;
				MARKETING_VERSION = 1.0;
				PRODUCT_BUNDLE_IDENTIFIER = "thefael.desafio-coraTests";
				PRODUCT_NAME = "$(TARGET_NAME)";
				SWIFT_EMIT_LOC_STRINGS = NO;
				SWIFT_OPTIMIZATION_LEVEL = "-Onone";
				SWIFT_VERSION = 5.0;
				TARGETED_DEVICE_FAMILY = "1,2";
				TEST_HOST = "$(BUILT_PRODUCTS_DIR)/desafio-cora.app/$(BUNDLE_EXECUTABLE_FOLDER_PATH)/desafio-cora";
			};
			name = Debug;
		};
		A88FA0CB2C39816C00EEE69A /* Release */ = {
			isa = XCBuildConfiguration;
			buildSettings = {
				ALWAYS_EMBED_SWIFT_STANDARD_LIBRARIES = YES;
				BUNDLE_LOADER = "$(TEST_HOST)";
				CLANG_ENABLE_MODULES = YES;
				CODE_SIGN_STYLE = Automatic;
				CURRENT_PROJECT_VERSION = 1;
				DEVELOPMENT_TEAM = CY35DG58QL;
				GENERATE_INFOPLIST_FILE = YES;
				IPHONEOS_DEPLOYMENT_TARGET = 17.2;
				MARKETING_VERSION = 1.0;
				PRODUCT_BUNDLE_IDENTIFIER = "thefael.desafio-coraTests";
				PRODUCT_NAME = "$(TARGET_NAME)";
				SWIFT_EMIT_LOC_STRINGS = NO;
				SWIFT_VERSION = 5.0;
				TARGETED_DEVICE_FAMILY = "1,2";
				TEST_HOST = "$(BUILT_PRODUCTS_DIR)/desafio-cora.app/$(BUNDLE_EXECUTABLE_FOLDER_PATH)/desafio-cora";
			};
			name = Release;
		};
		A88FA0CD2C39816C00EEE69A /* Debug */ = {
			isa = XCBuildConfiguration;
			buildSettings = {
				ALWAYS_EMBED_SWIFT_STANDARD_LIBRARIES = YES;
				CODE_SIGN_STYLE = Automatic;
				CURRENT_PROJECT_VERSION = 1;
				DEVELOPMENT_TEAM = CY35DG58QL;
				GENERATE_INFOPLIST_FILE = YES;
				MARKETING_VERSION = 1.0;
				PRODUCT_BUNDLE_IDENTIFIER = "thefael.desafio-coraUITests";
				PRODUCT_NAME = "$(TARGET_NAME)";
				SWIFT_EMIT_LOC_STRINGS = NO;
				SWIFT_VERSION = 5.0;
				TARGETED_DEVICE_FAMILY = "1,2";
				TEST_TARGET_NAME = "desafio-cora";
			};
			name = Debug;
		};
		A88FA0CE2C39816C00EEE69A /* Release */ = {
			isa = XCBuildConfiguration;
			buildSettings = {
				ALWAYS_EMBED_SWIFT_STANDARD_LIBRARIES = YES;
				CODE_SIGN_STYLE = Automatic;
				CURRENT_PROJECT_VERSION = 1;
				DEVELOPMENT_TEAM = CY35DG58QL;
				GENERATE_INFOPLIST_FILE = YES;
				MARKETING_VERSION = 1.0;
				PRODUCT_BUNDLE_IDENTIFIER = "thefael.desafio-coraUITests";
				PRODUCT_NAME = "$(TARGET_NAME)";
				SWIFT_EMIT_LOC_STRINGS = NO;
				SWIFT_VERSION = 5.0;
				TARGETED_DEVICE_FAMILY = "1,2";
				TEST_TARGET_NAME = "desafio-cora";
			};
			name = Release;
		};
/* End XCBuildConfiguration section */

/* Begin XCConfigurationList section */
		A88FA0972C39816B00EEE69A /* Build configuration list for PBXProject "desafio-cora" */ = {
			isa = XCConfigurationList;
			buildConfigurations = (
				A88FA0C42C39816C00EEE69A /* Debug */,
				A88FA0C52C39816C00EEE69A /* Release */,
			);
			defaultConfigurationIsVisible = 0;
			defaultConfigurationName = Release;
		};
		A88FA0C62C39816C00EEE69A /* Build configuration list for PBXNativeTarget "desafio-cora" */ = {
			isa = XCConfigurationList;
			buildConfigurations = (
				A88FA0C72C39816C00EEE69A /* Debug */,
				A88FA0C82C39816C00EEE69A /* Release */,
			);
			defaultConfigurationIsVisible = 0;
			defaultConfigurationName = Release;
		};
		A88FA0C92C39816C00EEE69A /* Build configuration list for PBXNativeTarget "desafio-coraTests" */ = {
			isa = XCConfigurationList;
			buildConfigurations = (
				A88FA0CA2C39816C00EEE69A /* Debug */,
				A88FA0CB2C39816C00EEE69A /* Release */,
			);
			defaultConfigurationIsVisible = 0;
			defaultConfigurationName = Release;
		};
		A88FA0CC2C39816C00EEE69A /* Build configuration list for PBXNativeTarget "desafio-coraUITests" */ = {
			isa = XCConfigurationList;
			buildConfigurations = (
				A88FA0CD2C39816C00EEE69A /* Debug */,
				A88FA0CE2C39816C00EEE69A /* Release */,
			);
			defaultConfigurationIsVisible = 0;
			defaultConfigurationName = Release;
		};
/* End XCConfigurationList section */
	};
	rootObject = A88FA0942C39816B00EEE69A /* Project object */;
}
