// !$*UTF8*$!
{
	archiveVersion = 1;
	classes = {
	};
	objectVersion = 56;
	objects = {

/* Begin PBXBuildFile section */
		A88FA0A02C39816B00EEE69A /* AppDelegate.swift in Sources */ = {isa = PBXBuildFile; fileRef = A88FA09F2C39816B00EEE69A /* AppDelegate.swift */; };
		A88FA0A22C39816B00EEE69A /* SceneDelegate.swift in Sources */ = {isa = PBXBuildFile; fileRef = A88FA0A12C39816B00EEE69A /* SceneDelegate.swift */; };
		A88FA0A42C39816B00EEE69A /* ViewController.swift in Sources */ = {isa = PBXBuildFile; fileRef = A88FA0A32C39816B00EEE69A /* ViewController.swift */; };
		A88FA0A92C39816C00EEE69A /* Assets.xcassets in Resources */ = {isa = PBXBuildFile; fileRef = A88FA0A82C39816C00EEE69A /* Assets.xcassets */; };
		A88FA0AC2C39816C00EEE69A /* LaunchScreen.storyboard in Resources */ = {isa = PBXBuildFile; fileRef = A88FA0AA2C39816C00EEE69A /* LaunchScreen.storyboard */; };
		A88FA0B72C39816C00EEE69A /* desafio_coraTests.swift in Sources */ = {isa = PBXBuildFile; fileRef = A88FA0B62C39816C00EEE69A /* desafio_coraTests.swift */; };
		A88FA0C12C39816C00EEE69A /* desafio_coraUITests.swift in Sources */ = {isa = PBXBuildFile; fileRef = A88FA0C02C39816C00EEE69A /* desafio_coraUITests.swift */; };
		A88FA0C32C39816C00EEE69A /* desafio_coraUITestsLaunchTests.swift in Sources */ = {isa = PBXBuildFile; fileRef = A88FA0C22C39816C00EEE69A /* desafio_coraUITestsLaunchTests.swift */; };
/* End PBXBuildFile section */

/* Begin PBXContainerItemProxy section */
		A88FA0B32C39816C00EEE69A /* PBXContainerItemProxy */ = {
			isa = PBXContainerItemProxy;
			containerPortal = A88FA0942C39816B00EEE69A /* Project object */;
			proxyType = 1;
			remoteGlobalIDString = A88FA09B2C39816B00EEE69A;
			remoteInfo = "desafio-cora";
		};
		A88FA0BD2C39816C00EEE69A /* PBXContainerItemProxy */ = {
			isa = PBXContainerItemProxy;
			containerPortal = A88FA0942C39816B00EEE69A /* Project object */;
			proxyType = 1;
			remoteGlobalIDString = A88FA09B2C39816B00EEE69A;
			remoteInfo = "desafio-cora";
		};
/* End PBXContainerItemProxy section */

/* Begin PBXFileReference section */
		A88FA09C2C39816B00EEE69A /* desafio-cora.app */ = {isa = PBXFileReference; explicitFileType = wrapper.application; includeInIndex = 0; path = "desafio-cora.app"; sourceTree = BUILT_PRODUCTS_DIR; };
		A88FA09F2C39816B00EEE69A /* AppDelegate.swift */ = {isa = PBXFileReference; lastKnownFileType = sourcecode.swift; path = AppDelegate.swift; sourceTree = "<group>"; };
		A88FA0A12C39816B00EEE69A /* SceneDelegate.swift */ = {isa = PBXFileReference; lastKnownFileType = sourcecode.swift; path = SceneDelegate.swift; sourceTree = "<group>"; };
		A88FA0A32C39816B00EEE69A /* ViewController.swift */ = {isa = PBXFileReference; lastKnownFileType = sourcecode.swift; path = ViewController.swift; sourceTree = "<group>"; };
		A88FA0A82C39816C00EEE69A /* Assets.xcassets */ = {isa = PBXFileReference; lastKnownFileType = folder.assetcatalog; path = Assets.xcassets; sourceTree = "<group>"; };
		A88FA0AB2C39816C00EEE69A /* Base */ = {isa = PBXFileReference; lastKnownFileType = file.storyboard; name = Base; path = Base.lproj/LaunchScreen.storyboard; sourceTree = "<group>"; };
		A88FA0AD2C39816C00EEE69A /* Info.plist */ = {isa = PBXFileReference; lastKnownFileType = text.plist.xml; path = Info.plist; sourceTree = "<group>"; };
		A88FA0B22C39816C00EEE69A /* desafio-coraTests.xctest */ = {isa = PBXFileReference; explicitFileType = wrapper.cfbundle; includeInIndex = 0; path = "desafio-coraTests.xctest"; sourceTree = BUILT_PRODUCTS_DIR; };
		A88FA0B62C39816C00EEE69A /* desafio_coraTests.swift */ = {isa = PBXFileReference; lastKnownFileType = sourcecode.swift; path = desafio_coraTests.swift; sourceTree = "<group>"; };
		A88FA0BC2C39816C00EEE69A /* desafio-coraUITests.xctest */ = {isa = PBXFileReference; explicitFileType = wrapper.cfbundle; includeInIndex = 0; path = "desafio-coraUITests.xctest"; sourceTree = BUILT_PRODUCTS_DIR; };
		A88FA0C02C39816C00EEE69A /* desafio_coraUITests.swift */ = {isa = PBXFileReference; lastKnownFileType = sourcecode.swift; path = desafio_coraUITests.swift; sourceTree = "<group>"; };
		A88FA0C22C39816C00EEE69A /* desafio_coraUITestsLaunchTests.swift */ = {isa = PBXFileReference; lastKnownFileType = sourcecode.swift; path = desafio_coraUITestsLaunchTests.swift; sourceTree = "<group>"; };
/* End PBXFileReference section */

/* Begin PBXFrameworksBuildPhase section */
		A88FA0992C39816B00EEE69A /* Frameworks */ = {
			isa = PBXFrameworksBuildPhase;
			buildActionMask = 2147483647;
			files = (
			);
			runOnlyForDeploymentPostprocessing = 0;
		};
		A88FA0AF2C39816C00EEE69A /* Frameworks */ = {
			isa = PBXFrameworksBuildPhase;
			buildActionMask = 2147483647;
			files = (
			);
			runOnlyForDeploymentPostprocessing = 0;
		};
		A88FA0B92C39816C00EEE69A /* Frameworks */ = {
			isa = PBXFrameworksBuildPhase;
			buildActionMask = 2147483647;
			files = (
			);
			runOnlyForDeploymentPostprocessing = 0;
		};
/* End PBXFrameworksBuildPhase section */

/* Begin PBXGroup section */
		A88FA0932C39816B00EEE69A = {
			isa = PBXGroup;
			children = (
				A88FA09E2C39816B00EEE69A /* desafio-cora */,
				A88FA0B52C39816C00EEE69A /* desafio-coraTests */,
				A88FA0BF2C39816C00EEE69A /* desafio-coraUITests */,
				A88FA09D2C39816B00EEE69A /* Products */,
			);
			sourceTree = "<group>";
		};
		A88FA09D2C39816B00EEE69A /* Products */ = {
			isa = PBXGroup;
			children = (
				A88FA09C2C39816B00EEE69A /* desafio-cora.app */,
				A88FA0B22C39816C00EEE69A /* desafio-coraTests.xctest */,
				A88FA0BC2C39816C00EEE69A /* desafio-coraUITests.xctest */,
			);
			name = Products;
			sourceTree = "<group>";
		};
		A88FA09E2C39816B00EEE69A /* desafio-cora */ = {
			isa = PBXGroup;
			children = (
				A88FA09F2C39816B00EEE69A /* AppDelegate.swift */,
				A88FA0A12C39816B00EEE69A /* SceneDelegate.swift */,
				A88FA0A32C39816B00EEE69A /* ViewController.swift */,
				A88FA0A82C39816C00EEE69A /* Assets.xcassets */,
				A88FA0AA2C39816C00EEE69A /* LaunchScreen.storyboard */,
				A88FA0AD2C39816C00EEE69A /* Info.plist */,
			);
			path = "desafio-cora";
			sourceTree = "<group>";
		};
		A88FA0B52C39816C00EEE69A /* desafio-coraTests */ = {
			isa = PBXGroup;
			children = (
				A88FA0B62C39816C00EEE69A /* desafio_coraTests.swift */,
			);
			path = "desafio-coraTests";
			sourceTree = "<group>";
		};
		A88FA0BF2C39816C00EEE69A /* desafio-coraUITests */ = {
			isa = PBXGroup;
			children = (
				A88FA0C02C39816C00EEE69A /* desafio_coraUITests.swift */,
				A88FA0C22C39816C00EEE69A /* desafio_coraUITestsLaunchTests.swift */,
			);
			path = "desafio-coraUITests";
			sourceTree = "<group>";
		};
/* End PBXGroup section */

/* Begin PBXNativeTarget section */
		A88FA09B2C39816B00EEE69A /* desafio-cora */ = {
			isa = PBXNativeTarget;
			buildConfigurationList = A88FA0C62C39816C00EEE69A /* Build configuration list for PBXNativeTarget "desafio-cora" */;
			buildPhases = (
				A88FA0982C39816B00EEE69A /* Sources */,
				A88FA0992C39816B00EEE69A /* Frameworks */,
				A88FA09A2C39816B00EEE69A /* Resources */,
			);
			buildRules = (
			);
			dependencies = (
			);
			name = "desafio-cora";
			productName = "desafio-cora";
			productReference = A88FA09C2C39816B00EEE69A /* desafio-cora.app */;
			productType = "com.apple.product-type.application";
		};
		A88FA0B12C39816C00EEE69A /* desafio-coraTests */ = {
			isa = PBXNativeTarget;
			buildConfigurationList = A88FA0C92C39816C00EEE69A /* Build configuration list for PBXNativeTarget "desafio-coraTests" */;
			buildPhases = (
				A88FA0AE2C39816C00EEE69A /* Sources */,
				A88FA0AF2C39816C00EEE69A /* Frameworks */,
				A88FA0B02C39816C00EEE69A /* Resources */,
			);
			buildRules = (
			);
			dependencies = (
				A88FA0B42C39816C00EEE69A /* PBXTargetDependency */,
			);
			name = "desafio-coraTests";
			productName = "desafio-coraTests";
			productReference = A88FA0B22C39816C00EEE69A /* desafio-coraTests.xctest */;
			productType = "com.apple.product-type.bundle.unit-test";
		};
		A88FA0BB2C39816C00EEE69A /* desafio-coraUITests */ = {
			isa = PBXNativeTarget;
			buildConfigurationList = A88FA0CC2C39816C00EEE69A /* Build configuration list for PBXNativeTarget "desafio-coraUITests" */;
			buildPhases = (
				A88FA0B82C39816C00EEE69A /* Sources */,
				A88FA0B92C39816C00EEE69A /* Frameworks */,
				A88FA0BA2C39816C00EEE69A /* Resources */,
			);
			buildRules = (
			);
			dependencies = (
				A88FA0BE2C39816C00EEE69A /* PBXTargetDependency */,
			);
			name = "desafio-coraUITests";
			productName = "desafio-coraUITests";
			productReference = A88FA0BC2C39816C00EEE69A /* desafio-coraUITests.xctest */;
			productType = "com.apple.product-type.bundle.ui-testing";
		};
/* End PBXNativeTarget section */

/* Begin PBXProject section */
		A88FA0942C39816B00EEE69A /* Project object */ = {
			isa = PBXProject;
			attributes = {
				BuildIndependentTargetsInParallel = 1;
				LastSwiftUpdateCheck = 1520;
				LastUpgradeCheck = 1520;
				TargetAttributes = {
					A88FA09B2C39816B00EEE69A = {
						CreatedOnToolsVersion = 15.2;
					};
					A88FA0B12C39816C00EEE69A = {
						CreatedOnToolsVersion = 15.2;
						TestTargetID = A88FA09B2C39816B00EEE69A;
					};
					A88FA0BB2C39816C00EEE69A = {
						CreatedOnToolsVersion = 15.2;
						TestTargetID = A88FA09B2C39816B00EEE69A;
					};
				};
			};
			buildConfigurationList = A88FA0972C39816B00EEE69A /* Build configuration list for PBXProject "desafio-cora" */;
			compatibilityVersion = "Xcode 14.0";
			developmentRegion = en;
			hasScannedForEncodings = 0;
			knownRegions = (
				en,
				Base,
			);
			mainGroup = A88FA0932C39816B00EEE69A;
			productRefGroup = A88FA09D2C39816B00EEE69A /* Products */;
			projectDirPath = "";
			projectRoot = "";
			targets = (
				A88FA09B2C39816B00EEE69A /* desafio-cora */,
				A88FA0B12C39816C00EEE69A /* desafio-coraTests */,
				A88FA0BB2C39816C00EEE69A /* desafio-coraUITests */,
			);
		};
/* End PBXProject section */

/* Begin PBXResourcesBuildPhase section */
		A88FA09A2C39816B00EEE69A /* Resources */ = {
			isa = PBXResourcesBuildPhase;
			buildActionMask = 2147483647;
			files = (
				A88FA0AC2C39816C00EEE69A /* LaunchScreen.storyboard in Resources */,
				A88FA0A92C39816C00EEE69A /* Assets.xcassets in Resources */,
			);
			runOnlyForDeploymentPostprocessing = 0;
		};
		A88FA0B02C39816C00EEE69A /* Resources */ = {
			isa = PBXResourcesBuildPhase;
			buildActionMask = 2147483647;
			files = (
			);
			runOnlyForDeploymentPostprocessing = 0;
		};
		A88FA0BA2C39816C00EEE69A /* Resources */ = {
			isa = PBXResourcesBuildPhase;
			buildActionMask = 2147483647;
			files = (
			);
			runOnlyForDeploymentPostprocessing = 0;
		};
/* End PBXResourcesBuildPhase section */

/* Begin PBXSourcesBuildPhase section */
		A88FA0982C39816B00EEE69A /* Sources */ = {
			isa = PBXSourcesBuildPhase;
			buildActionMask = 2147483647;
			files = (
				A88FA0A42C39816B00EEE69A /* ViewController.swift in Sources */,
				A88FA0A02C39816B00EEE69A /* AppDelegate.swift in Sources */,
				A88FA0A22C39816B00EEE69A /* SceneDelegate.swift in Sources */,
			);
			runOnlyForDeploymentPostprocessing = 0;
		};
		A88FA0AE2C39816C00EEE69A /* Sources */ = {
			isa = PBXSourcesBuildPhase;
			buildActionMask = 2147483647;
			files = (
				A88FA0B72C39816C00EEE69A /* desafio_coraTests.swift in Sources */,
			);
			runOnlyForDeploymentPostprocessing = 0;
		};
		A88FA0B82C39816C00EEE69A /* Sources */ = {
			isa = PBXSourcesBuildPhase;
			buildActionMask = 2147483647;
			files = (
				A88FA0C12C39816C00EEE69A /* desafio_coraUITests.swift in Sources */,
				A88FA0C32C39816C00EEE69A /* desafio_coraUITestsLaunchTests.swift in Sources */,
			);
			runOnlyForDeploymentPostprocessing = 0;
		};
/* End PBXSourcesBuildPhase section */

/* Begin PBXTargetDependency section */
		A88FA0B42C39816C00EEE69A /* PBXTargetDependency */ = {
			isa = PBXTargetDependency;
			target = A88FA09B2C39816B00EEE69A /* desafio-cora */;
			targetProxy = A88FA0B32C39816C00EEE69A /* PBXContainerItemProxy */;
		};
		A88FA0BE2C39816C00EEE69A /* PBXTargetDependency */ = {
			isa = PBXTargetDependency;
			target = A88FA09B2C39816B00EEE69A /* desafio-cora */;
			targetProxy = A88FA0BD2C39816C00EEE69A /* PBXContainerItemProxy */;
		};
/* End PBXTargetDependency section */

/* Begin PBXVariantGroup section */
		A88FA0AA2C39816C00EEE69A /* LaunchScreen.storyboard */ = {
			isa = PBXVariantGroup;
			children = (
				A88FA0AB2C39816C00EEE69A /* Base */,
			);
			name = LaunchScreen.storyboard;
			sourceTree = "<group>";
		};
/* End PBXVariantGroup section */

/* Begin XCBuildConfiguration section */
		A88FA0C42C39816C00EEE69A /* Debug */ = {
			isa = XCBuildConfiguration;
			buildSettings = {
				ALWAYS_SEARCH_USER_PATHS = NO;
				ASSETCATALOG_COMPILER_GENERATE_SWIFT_ASSET_SYMBOL_EXTENSIONS = YES;
				CLANG_ANALYZER_NONNULL = YES;
				CLANG_ANALYZER_NUMBER_OBJECT_CONVERSION = YES_AGGRESSIVE;
				CLANG_CXX_LANGUAGE_STANDARD = "gnu++20";
				CLANG_ENABLE_MODULES = YES;
				CLANG_ENABLE_OBJC_ARC = YES;
				CLANG_ENABLE_OBJC_WEAK = YES;
				CLANG_WARN_BLOCK_CAPTURE_AUTORELEASING = YES;
				CLANG_WARN_BOOL_CONVERSION = YES;
				CLANG_WARN_COMMA = YES;
				CLANG_WARN_CONSTANT_CONVERSION = YES;
				CLANG_WARN_DEPRECATED_OBJC_IMPLEMENTATIONS = YES;
				CLANG_WARN_DIRECT_OBJC_ISA_USAGE = YES_ERROR;
				CLANG_WARN_DOCUMENTATION_COMMENTS = YES;
				CLANG_WARN_EMPTY_BODY = YES;
				CLANG_WARN_ENUM_CONVERSION = YES;
				CLANG_WARN_INFINITE_RECURSION = YES;
				CLANG_WARN_INT_CONVERSION = YES;
				CLANG_WARN_NON_LITERAL_NULL_CONVERSION = YES;
				CLANG_WARN_OBJC_IMPLICIT_RETAIN_SELF = YES;
				CLANG_WARN_OBJC_LITERAL_CONVERSION = YES;
				CLANG_WARN_OBJC_ROOT_CLASS = YES_ERROR;
				CLANG_WARN_QUOTED_INCLUDE_IN_FRAMEWORK_HEADER = YES;
				CLANG_WARN_RANGE_LOOP_ANALYSIS = YES;
				CLANG_WARN_STRICT_PROTOTYPES = YES;
				CLANG_WARN_SUSPICIOUS_MOVE = YES;
				CLANG_WARN_UNGUARDED_AVAILABILITY = YES_AGGRESSIVE;
				CLANG_WARN_UNREACHABLE_CODE = YES;
				CLANG_WARN__DUPLICATE_METHOD_MATCH = YES;
				COPY_PHASE_STRIP = NO;
				DEBUG_INFORMATION_FORMAT = dwarf;
				ENABLE_STRICT_OBJC_MSGSEND = YES;
				ENABLE_TESTABILITY = YES;
				ENABLE_USER_SCRIPT_SANDBOXING = YES;
				GCC_C_LANGUAGE_STANDARD = gnu17;
				GCC_DYNAMIC_NO_PIC = NO;
				GCC_NO_COMMON_BLOCKS = YES;
				GCC_OPTIMIZATION_LEVEL = 0;
				GCC_PREPROCESSOR_DEFINITIONS = (
					"DEBUG=1",
					"$(inherited)",
				);
				GCC_WARN_64_TO_32_BIT_CONVERSION = YES;
				GCC_WARN_ABOUT_RETURN_TYPE = YES_ERROR;
				GCC_WARN_UNDECLARED_SELECTOR = YES;
				GCC_WARN_UNINITIALIZED_AUTOS = YES_AGGRESSIVE;
				GCC_WARN_UNUSED_FUNCTION = YES;
				GCC_WARN_UNUSED_VARIABLE = YES;
				IPHONEOS_DEPLOYMENT_TARGET = 17.2;
				LOCALIZATION_PREFERS_STRING_CATALOGS = YES;
				MTL_ENABLE_DEBUG_INFO = INCLUDE_SOURCE;
				MTL_FAST_MATH = YES;
				ONLY_ACTIVE_ARCH = YES;
				SDKROOT = iphoneos;
				SWIFT_ACTIVE_COMPILATION_CONDITIONS = "DEBUG $(inherited)";
				SWIFT_OPTIMIZATION_LEVEL = "-Onone";
			};
			name = Debug;
		};
		A88FA0C52C39816C00EEE69A /* Release */ = {
			isa = XCBuildConfiguration;
			buildSettings = {
				ALWAYS_SEARCH_USER_PATHS = NO;
				ASSETCATALOG_COMPILER_GENERATE_SWIFT_ASSET_SYMBOL_EXTENSIONS = YES;
				CLANG_ANALYZER_NONNULL = YES;
				CLANG_ANALYZER_NUMBER_OBJECT_CONVERSION = YES_AGGRESSIVE;
				CLANG_CXX_LANGUAGE_STANDARD = "gnu++20";
				CLANG_ENABLE_MODULES = YES;
				CLANG_ENABLE_OBJC_ARC = YES;
				CLANG_ENABLE_OBJC_WEAK = YES;
				CLANG_WARN_BLOCK_CAPTURE_AUTORELEASING = YES;
				CLANG_WARN_BOOL_CONVERSION = YES;
				CLANG_WARN_COMMA = YES;
				CLANG_WARN_CONSTANT_CONVERSION = YES;
				CLANG_WARN_DEPRECATED_OBJC_IMPLEMENTATIONS = YES;
				CLANG_WARN_DIRECT_OBJC_ISA_USAGE = YES_ERROR;
				CLANG_WARN_DOCUMENTATION_COMMENTS = YES;
				CLANG_WARN_EMPTY_BODY = YES;
				CLANG_WARN_ENUM_CONVERSION = YES;
				CLANG_WARN_INFINITE_RECURSION = YES;
				CLANG_WARN_INT_CONVERSION = YES;
				CLANG_WARN_NON_LITERAL_NULL_CONVERSION = YES;
				CLANG_WARN_OBJC_IMPLICIT_RETAIN_SELF = YES;
				CLANG_WARN_OBJC_LITERAL_CONVERSION = YES;
				CLANG_WARN_OBJC_ROOT_CLASS = YES_ERROR;
				CLANG_WARN_QUOTED_INCLUDE_IN_FRAMEWORK_HEADER = YES;
				CLANG_WARN_RANGE_LOOP_ANALYSIS = YES;
				CLANG_WARN_STRICT_PROTOTYPES = YES;
				CLANG_WARN_SUSPICIOUS_MOVE = YES;
				CLANG_WARN_UNGUARDED_AVAILABILITY = YES_AGGRESSIVE;
				CLANG_WARN_UNREACHABLE_CODE = YES;
				CLANG_WARN__DUPLICATE_METHOD_MATCH = YES;
				COPY_PHASE_STRIP = NO;
				DEBUG_INFORMATION_FORMAT = "dwarf-with-dsym";
				ENABLE_NS_ASSERTIONS = NO;
				ENABLE_STRICT_OBJC_MSGSEND = YES;
				ENABLE_USER_SCRIPT_SANDBOXING = YES;
				GCC_C_LANGUAGE_STANDARD = gnu17;
				GCC_NO_COMMON_BLOCKS = YES;
				GCC_WARN_64_TO_32_BIT_CONVERSION = YES;
				GCC_WARN_ABOUT_RETURN_TYPE = YES_ERROR;
				GCC_WARN_UNDECLARED_SELECTOR = YES;
				GCC_WARN_UNINITIALIZED_AUTOS = YES_AGGRESSIVE;
				GCC_WARN_UNUSED_FUNCTION = YES;
				GCC_WARN_UNUSED_VARIABLE = YES;
				IPHONEOS_DEPLOYMENT_TARGET = 17.2;
				LOCALIZATION_PREFERS_STRING_CATALOGS = YES;
				MTL_ENABLE_DEBUG_INFO = NO;
				MTL_FAST_MATH = YES;
				SDKROOT = iphoneos;
				SWIFT_COMPILATION_MODE = wholemodule;
				VALIDATE_PRODUCT = YES;
			};
			name = Release;
		};
		A88FA0C72C39816C00EEE69A /* Debug */ = {
			isa = XCBuildConfiguration;
			buildSettings = {
				ASSETCATALOG_COMPILER_APPICON_NAME = AppIcon;
				ASSETCATALOG_COMPILER_GLOBAL_ACCENT_COLOR_NAME = AccentColor;
				CODE_SIGN_STYLE = Automatic;
				CURRENT_PROJECT_VERSION = 1;
				DEVELOPMENT_TEAM = CY35DG58QL;
				GENERATE_INFOPLIST_FILE = YES;
				INFOPLIST_FILE = "desafio-cora/Info.plist";
				INFOPLIST_KEY_UIApplicationSupportsIndirectInputEvents = YES;
				INFOPLIST_KEY_UILaunchStoryboardName = LaunchScreen;
				INFOPLIST_KEY_UISupportedInterfaceOrientations_iPad = "UIInterfaceOrientationPortrait UIInterfaceOrientationPortraitUpsideDown UIInterfaceOrientationLandscapeLeft UIInterfaceOrientationLandscapeRight";
				INFOPLIST_KEY_UISupportedInterfaceOrientations_iPhone = "UIInterfaceOrientationPortrait UIInterfaceOrientationLandscapeLeft UIInterfaceOrientationLandscapeRight";
				IPHONEOS_DEPLOYMENT_TARGET = 13.6;
				LD_RUNPATH_SEARCH_PATHS = (
					"$(inherited)",
					"@executable_path/Frameworks",
				);
				MARKETING_VERSION = 1.0;
				PRODUCT_BUNDLE_IDENTIFIER = "thefael.desafio-cora";
				PRODUCT_NAME = "$(TARGET_NAME)";
				SWIFT_EMIT_LOC_STRINGS = YES;
				SWIFT_VERSION = 5.0;
				TARGETED_DEVICE_FAMILY = "1,2";
			};
			name = Debug;
		};
		A88FA0C82C39816C00EEE69A /* Release */ = {
			isa = XCBuildConfiguration;
			buildSettings = {
				ASSETCATALOG_COMPILER_APPICON_NAME = AppIcon;
				ASSETCATALOG_COMPILER_GLOBAL_ACCENT_COLOR_NAME = AccentColor;
				CODE_SIGN_STYLE = Automatic;
				CURRENT_PROJECT_VERSION = 1;
				DEVELOPMENT_TEAM = CY35DG58QL;
				GENERATE_INFOPLIST_FILE = YES;
				INFOPLIST_FILE = "desafio-cora/Info.plist";
				INFOPLIST_KEY_UIApplicationSupportsIndirectInputEvents = YES;
				INFOPLIST_KEY_UILaunchStoryboardName = LaunchScreen;
				INFOPLIST_KEY_UISupportedInterfaceOrientations_iPad = "UIInterfaceOrientationPortrait UIInterfaceOrientationPortraitUpsideDown UIInterfaceOrientationLandscapeLeft UIInterfaceOrientationLandscapeRight";
				INFOPLIST_KEY_UISupportedInterfaceOrientations_iPhone = "UIInterfaceOrientationPortrait UIInterfaceOrientationLandscapeLeft UIInterfaceOrientationLandscapeRight";
				IPHONEOS_DEPLOYMENT_TARGET = 13.6;
				LD_RUNPATH_SEARCH_PATHS = (
					"$(inherited)",
					"@executable_path/Frameworks",
				);
				MARKETING_VERSION = 1.0;
				PRODUCT_BUNDLE_IDENTIFIER = "thefael.desafio-cora";
				PRODUCT_NAME = "$(TARGET_NAME)";
				SWIFT_EMIT_LOC_STRINGS = YES;
				SWIFT_VERSION = 5.0;
				TARGETED_DEVICE_FAMILY = "1,2";
			};
			name = Release;
		};
		A88FA0CA2C39816C00EEE69A /* Debug */ = {
			isa = XCBuildConfiguration;
			buildSettings = {
				ALWAYS_EMBED_SWIFT_STANDARD_LIBRARIES = YES;
				BUNDLE_LOADER = "$(TEST_HOST)";
				CODE_SIGN_STYLE = Automatic;
				CURRENT_PROJECT_VERSION = 1;
				DEVELOPMENT_TEAM = CY35DG58QL;
				GENERATE_INFOPLIST_FILE = YES;
				IPHONEOS_DEPLOYMENT_TARGET = 17.2;
				MARKETING_VERSION = 1.0;
				PRODUCT_BUNDLE_IDENTIFIER = "thefael.desafio-coraTests";
				PRODUCT_NAME = "$(TARGET_NAME)";
				SWIFT_EMIT_LOC_STRINGS = NO;
				SWIFT_VERSION = 5.0;
				TARGETED_DEVICE_FAMILY = "1,2";
				TEST_HOST = "$(BUILT_PRODUCTS_DIR)/desafio-cora.app/$(BUNDLE_EXECUTABLE_FOLDER_PATH)/desafio-cora";
			};
			name = Debug;
		};
		A88FA0CB2C39816C00EEE69A /* Release */ = {
			isa = XCBuildConfiguration;
			buildSettings = {
				ALWAYS_EMBED_SWIFT_STANDARD_LIBRARIES = YES;
				BUNDLE_LOADER = "$(TEST_HOST)";
				CODE_SIGN_STYLE = Automatic;
				CURRENT_PROJECT_VERSION = 1;
				DEVELOPMENT_TEAM = CY35DG58QL;
				GENERATE_INFOPLIST_FILE = YES;
				IPHONEOS_DEPLOYMENT_TARGET = 17.2;
				MARKETING_VERSION = 1.0;
				PRODUCT_BUNDLE_IDENTIFIER = "thefael.desafio-coraTests";
				PRODUCT_NAME = "$(TARGET_NAME)";
				SWIFT_EMIT_LOC_STRINGS = NO;
				SWIFT_VERSION = 5.0;
				TARGETED_DEVICE_FAMILY = "1,2";
				TEST_HOST = "$(BUILT_PRODUCTS_DIR)/desafio-cora.app/$(BUNDLE_EXECUTABLE_FOLDER_PATH)/desafio-cora";
			};
			name = Release;
		};
		A88FA0CD2C39816C00EEE69A /* Debug */ = {
			isa = XCBuildConfiguration;
			buildSettings = {
				ALWAYS_EMBED_SWIFT_STANDARD_LIBRARIES = YES;
				CODE_SIGN_STYLE = Automatic;
				CURRENT_PROJECT_VERSION = 1;
				DEVELOPMENT_TEAM = CY35DG58QL;
				GENERATE_INFOPLIST_FILE = YES;
				MARKETING_VERSION = 1.0;
				PRODUCT_BUNDLE_IDENTIFIER = "thefael.desafio-coraUITests";
				PRODUCT_NAME = "$(TARGET_NAME)";
				SWIFT_EMIT_LOC_STRINGS = NO;
				SWIFT_VERSION = 5.0;
				TARGETED_DEVICE_FAMILY = "1,2";
				TEST_TARGET_NAME = "desafio-cora";
			};
			name = Debug;
		};
		A88FA0CE2C39816C00EEE69A /* Release */ = {
			isa = XCBuildConfiguration;
			buildSettings = {
				ALWAYS_EMBED_SWIFT_STANDARD_LIBRARIES = YES;
				CODE_SIGN_STYLE = Automatic;
				CURRENT_PROJECT_VERSION = 1;
				DEVELOPMENT_TEAM = CY35DG58QL;
				GENERATE_INFOPLIST_FILE = YES;
				MARKETING_VERSION = 1.0;
				PRODUCT_BUNDLE_IDENTIFIER = "thefael.desafio-coraUITests";
				PRODUCT_NAME = "$(TARGET_NAME)";
				SWIFT_EMIT_LOC_STRINGS = NO;
				SWIFT_VERSION = 5.0;
				TARGETED_DEVICE_FAMILY = "1,2";
				TEST_TARGET_NAME = "desafio-cora";
			};
			name = Release;
		};
/* End XCBuildConfiguration section */

/* Begin XCConfigurationList section */
		A88FA0972C39816B00EEE69A /* Build configuration list for PBXProject "desafio-cora" */ = {
			isa = XCConfigurationList;
			buildConfigurations = (
				A88FA0C42C39816C00EEE69A /* Debug */,
				A88FA0C52C39816C00EEE69A /* Release */,
			);
			defaultConfigurationIsVisible = 0;
			defaultConfigurationName = Release;
		};
		A88FA0C62C39816C00EEE69A /* Build configuration list for PBXNativeTarget "desafio-cora" */ = {
			isa = XCConfigurationList;
			buildConfigurations = (
				A88FA0C72C39816C00EEE69A /* Debug */,
				A88FA0C82C39816C00EEE69A /* Release */,
			);
			defaultConfigurationIsVisible = 0;
			defaultConfigurationName = Release;
		};
		A88FA0C92C39816C00EEE69A /* Build configuration list for PBXNativeTarget "desafio-coraTests" */ = {
			isa = XCConfigurationList;
			buildConfigurations = (
				A88FA0CA2C39816C00EEE69A /* Debug */,
				A88FA0CB2C39816C00EEE69A /* Release */,
			);
			defaultConfigurationIsVisible = 0;
			defaultConfigurationName = Release;
		};
		A88FA0CC2C39816C00EEE69A /* Build configuration list for PBXNativeTarget "desafio-coraUITests" */ = {
			isa = XCConfigurationList;
			buildConfigurations = (
				A88FA0CD2C39816C00EEE69A /* Debug */,
				A88FA0CE2C39816C00EEE69A /* Release */,
			);
			defaultConfigurationIsVisible = 0;
			defaultConfigurationName = Release;
		};
/* End XCConfigurationList section */
	};
	rootObject = A88FA0942C39816B00EEE69A /* Project object */;
}
